{
  "version": 1,
  "dependencies": {
    "net10.0-windows7.0": {
      "Catel.Analyzers": {
        "type": "Direct",
        "requested": "[7.0.0-alpha0322, )",
        "resolved": "7.0.0-alpha0322",
        "contentHash": "4/PrJ7+VKG3ngtntGdJcI9R5mv4Q9lC3AtO3e25i4OyKwB7t1L7qeVno/g/zO+l/brhW8kQ7O0b9ibCLMGEI2Q=="
      },
      "Catel.Fody": {
        "type": "Direct",
        "requested": "[7.1.0, )",
        "resolved": "7.1.0",
        "contentHash": "yQRSbfzZp5UDQlzYiRa4oWnCsgEl++yjaFUIQCnBAhbC128VkkxSjtF2kLHQBOUoRp2dBYXZ9GDA/NQ1JykKCg==",
        "dependencies": {
          "Fody": "6.9.3"
        }
      },
      "Catel.SourceGenerators": {
        "type": "Direct",
        "requested": "[7.1.0, )",
        "resolved": "7.1.0",
        "contentHash": "cwXvu4BLifmJpHHKPn0ZVfiy5oGJwrZ4Xwdv6zki4fK/Mr+sMN67Oj2LHC2j4ylOjwhTS7djiQy6oI58DY1CFw=="
      },
      "CatenaLogic.Analyzers": {
        "type": "Direct",
        "requested": "[1.5.0, )",
        "resolved": "1.5.0",
        "contentHash": "uBhAhVkEMMSFznzjo5ahaD+0y+4oXBZEMbQ0T/IvlehaQkLxIMAeaZS8HTL4barZVOWV63ctGhstwBDQEm5CnA=="
      },
      "Fody": {
        "type": "Direct",
        "requested": "[6.9.3, )",
        "resolved": "6.9.3",
        "contentHash": "1CUGgFdyECDKgi5HaUBhdv6k+VG9Iy4OCforGfHyar3xQXAJypZkzymgKtWj/4SPd6nSG0Qi7NH71qHrDSZLaA=="
      },
      "IDisposableAnalyzers": {
        "type": "Direct",
        "requested": "[4.0.8, )",
        "resolved": "4.0.8",
        "contentHash": "vNi4NMG0CcJyjXxiNDcQ21FwV/whM9o9OEZKD+oP7tuxAqFEzX/x5OhC3OZJqW/w+8GOtCmJPBquYgMWgz0rfQ=="
      },
      "MethodTimer.Fody": {
        "type": "Direct",
        "requested": "[3.2.3, )",
        "resolved": "3.2.3",
        "contentHash": "1aa3NjixEUmsmdGzcCtcjSS83nDng79aSTwNe8PSWCkvuLRcEEEn2GvdJmM5ViIp8iIngFHjshM3EyzhaaOw0g==",
        "dependencies": {
          "Fody": "6.9.1"
        }
      },
      "Microsoft-WindowsAPICodePack-Shell": {
        "type": "Direct",
        "requested": "[1.1.5, )",
        "resolved": "1.1.5",
        "contentHash": "lZ+oIxvTp1Ph0YrzFl3AKcrry7OCfi0awf43nrGwodWqDlFASktZ+pN532rbU/5o09irYjxVu1m3UxO5L1H8fw==",
        "dependencies": {
          "Microsoft-WindowsAPICodePack-Core": "1.1.5"
        }
      },
      "NUnit.Analyzers": {
        "type": "Direct",
        "requested": "[4.15.0, )",
        "resolved": "4.15.0",
        "contentHash": "WbZpZI/gmrmTcb8JnP8poJBD4V6hJs2RRIQAmNxQ763t7RktZ/d6xxuU08XAd4K6SpnF0Bm02ADqL2wZ0CNIQA=="
      },
      "Obsolete.Fody": {
        "type": "Direct",
        "requested": "[5.3.1, )",
        "resolved": "5.3.1",
        "contentHash": "6R5IYsEK04D4komq1MAcN6psu0l7+OKXGw57ZDjXKHKstNl/xdCF2RSinq3raF72/iYsaLmyPzjEnv25Tm3uNA==",
        "dependencies": {
          "Fody": "6.9.1"
        }
      },
      "Orc.Controls": {
        "type": "Direct",
        "requested": "[6.0.0, )",
        "resolved": "6.0.0",
        "contentHash": "tqZybfFZSBVjjUszTQmiqqhQutaJQewDAy2GzmwUFRUdWNekNGJGTJJEuPZXRJeUvnolTdZos9BsPcG8QpsvMg==",
        "dependencies": {
          "Orc.Automation": "6.0.1",
          "Orc.FileSystem": "6.0.0",
          "Orc.Serialization.Json": "6.0.0",
          "Orc.Theming": "6.0.0"
        }
      },
      "SourceLink.Copy.PdbFiles": {
        "type": "Direct",
        "requested": "[2.8.3, )",
        "resolved": "2.8.3",
        "contentHash": "cxlw1QHd/J7lOtSZ45VZMOsF/YSOlwZy0fCkauo9Ib9vOv+zGzjm9q3D8qGyMII0Zz1GSmli/oxhmUNuYUpc1g=="
      },
      "WpfAnalyzers": {
        "type": "Direct",
        "requested": "[4.1.1, )",
        "resolved": "4.1.1",
        "contentHash": "4+oLAk4gB4Wqn0ozKstB6fY9BafSU6c6GEgWjgOThyzHFBVqxihkS/1OmvEaYJnhjNUA/GOcZ6m2B7Xr2EePNw=="
      },
      "Catel.Core": {
        "type": "Transitive",
        "resolved": "7.0.1",
        "contentHash": "5qPz48rEmScoxaSDbwjJlEKOfSvmWgY7WaZnpl2OtmXS/8sgRgCtTaJIomJ41+I1E90ln7230lW1ldUOLghGoA==",
        "dependencies": {
          "Microsoft.Extensions.Configuration.Json": "10.0.11",
          "Microsoft.Extensions.DependencyInjection": "10.0.11",
          "Microsoft.Extensions.Logging.Abstractions": "10.0.11"
        }
      },
      "Catel.MVVM": {
        "type": "Transitive",
        "resolved": "7.0.1",
        "contentHash": "Xi0YNsSBHlySyLxxfvcbnDZ9GEQqoM/RTc4zVGHOeeUzgzpNFabwFd1mp+gfXjYuGQrWqo6BZRumMIid8zW7RQ==",
        "dependencies": {
          "Catel.Core": "7.0.1",
          "Microsoft.Xaml.Behaviors.Wpf": "1.1.158",
          "System.ComponentModel.Annotations": "5.0.0"
        }
      },
      "ControlzEx": {
        "type": "Transitive",
        "resolved": "7.0.4",
        "contentHash": "IDSQItUCLC8hhI6VXaAHA8WWKmlRBYC/f+fG2YKGUyIMYi477Enr6IROc48MikyONDrbjr4MtWT5Zhk+N+1dEg==",
        "dependencies": {
          "Microsoft.Xaml.Behaviors.Wpf": "1.1.135"
        }
      },
      "Microsoft-WindowsAPICodePack-Core": {
        "type": "Transitive",
        "resolved": "1.1.5",
        "contentHash": "3feeT5wxrH/T4YmoZwCglVrUw6aS4+WJLA3FRADLVT2J85/zjptrCikvGNcLI1+gDeoI1AZ4w45gF2FvBv6eQw=="
      },
      "Microsoft.Extensions.Configuration": {
        "type": "Transitive",
        "resolved": "10.0.11",
        "contentHash": "wlhRqZW8LcJPa+vk2oLAc/REXDItHtkFQdf/QcXYGZbZOO13izcsKY1pCvuFQYwUiZD+hwSZwsKASjqT+BNaVg==",
        "dependencies": {
          "Microsoft.Extensions.Configuration.Abstractions": "10.0.11",
          "Microsoft.Extensions.Primitives": "10.0.11"
        }
      },
      "Microsoft.Extensions.Configuration.Abstractions": {
        "type": "Transitive",
        "resolved": "10.0.11",
        "contentHash": "fVi053xdpda9Em7vSkmgVxO/PtgC2m78ekReKWsgcyskqY0U82Bz/MONwxpGzI0hElYKJfw+fupqMVeKW3fSaA==",
        "dependencies": {
          "Microsoft.Extensions.Primitives": "10.0.11"
        }
      },
      "Microsoft.Extensions.Configuration.FileExtensions": {
        "type": "Transitive",
        "resolved": "10.0.11",
        "contentHash": "mDW7KVFB05M6jiRUyaZiOMWhS31n5HlSZwoYctHAZAucD4sMDJ70IxOmkGDt6RpstchD+keWBjhdzcMpSkWvWQ==",
        "dependencies": {
          "Microsoft.Extensions.Configuration": "10.0.11",
          "Microsoft.Extensions.Configuration.Abstractions": "10.0.11",
          "Microsoft.Extensions.FileProviders.Abstractions": "10.0.11",
          "Microsoft.Extensions.FileProviders.Physical": "10.0.11",
          "Microsoft.Extensions.Primitives": "10.0.11"
        }
      },
      "Microsoft.Extensions.Configuration.Json": {
        "type": "Transitive",
        "resolved": "10.0.11",
        "contentHash": "nSPrT8U/cNoB4coqkmnanAMK9PsL7lsjG+LLUKEwHRFwS6E78b8S1wdv/y88EOxBhasWov1rLd7RTHmmsYPOLg==",
        "dependencies": {
          "Microsoft.Extensions.Configuration": "10.0.11",
          "Microsoft.Extensions.Configuration.Abstractions": "10.0.11",
          "Microsoft.Extensions.Configuration.FileExtensions": "10.0.11",
          "Microsoft.Extensions.FileProviders.Abstractions": "10.0.11"
        }
      },
      "Microsoft.Extensions.DependencyInjection": {
        "type": "Transitive",
        "resolved": "10.0.11",
        "contentHash": "PSmotV19c7E3lKed++uYo1kSiXFI+uTl37CBSrhq+CfLC3FCHjG7R91+xPnNehQfHS1b0Tzo/CCLPWH3qaEheg==",
        "dependencies": {
          "Microsoft.Extensions.DependencyInjection.Abstractions": "10.0.11"
        }
      },
      "Microsoft.Extensions.DependencyInjection.Abstractions": {
        "type": "Transitive",
        "resolved": "10.0.11",
        "contentHash": "/a1aJz4m7ylhEDf25ugQChLQoN5XwoGjWw/BoR/ZWWKsO1v4DdJElS1uyngahz4B/eOzjFk1KNTkarRLE5wsIg=="
      },
      "Microsoft.Extensions.FileProviders.Abstractions": {
        "type": "Transitive",
        "resolved": "10.0.11",
        "contentHash": "JOjac6SQQgZmdmB8WGEw61/7siqMZoWJMkmq2p1goJGxqI59lO6oB4bOl0jNsbaPBdYy5Mlkb+6U7T4+CjnD8Q==",
        "dependencies": {
          "Microsoft.Extensions.Primitives": "10.0.11"
        }
      },
      "Microsoft.Extensions.FileProviders.Physical": {
        "type": "Transitive",
        "resolved": "10.0.11",
        "contentHash": "Tq/UqMaczePv9yWwSsJZRgKtgA46djVR5xHj/lZBCueQ3ag8f9v5mu0EdhrNx7tXxNk+Y9OurG2oKuSKINjr0A==",
        "dependencies": {
          "Microsoft.Extensions.FileProviders.Abstractions": "10.0.11",
          "Microsoft.Extensions.FileSystemGlobbing": "10.0.11",
          "Microsoft.Extensions.Primitives": "10.0.11"
        }
      },
      "Microsoft.Extensions.FileSystemGlobbing": {
        "type": "Transitive",
        "resolved": "10.0.11",
        "contentHash": "2i6rtW/B5rCnWCnhdmWWEmaM9O0HD0zsPY9eRqa++y4tclI3Uw8zvGbBvhY/LjAdtf8gUHhUPcAWj3DRlWMXmQ=="
      },
      "Microsoft.Extensions.Logging.Abstractions": {
        "type": "Transitive",
        "resolved": "10.0.11",
        "contentHash": "Ljd0Uxoq5XpScD2Bg0nM/r3mwx7Ao5Uq24eo2ARxbGvqJ7Zht6rt2cJtwVRH4Cv+1ZVMdXz6TB43KbpmsxRrvQ==",
        "dependencies": {
          "Microsoft.Extensions.DependencyInjection.Abstractions": "10.0.11"
        }
      },
      "Microsoft.Extensions.Primitives": {
        "type": "Transitive",
        "resolved": "10.0.11",
        "contentHash": "SXcz+kF+4Oo9b1+55zntpJFYfwb1jw66ioxptyNOOTDc8g2FHnBFWjZpsWfCvZIhzr0x+4e2trVTs4OKwQfBtw=="
      },
      "Microsoft.Web.Xdt": {
        "type": "Transitive",
        "resolved": "3.2.0",
        "contentHash": "jxdgphbXQgdrd8hid3ndsM2PnyNeMAoluYnoJqvN2lex3uyF2o2cqwJOOWoYQ6ErwgPjH0HI2ig+970izoDOTQ=="
      },
      "Microsoft.Xaml.Behaviors.Wpf": {
        "type": "Transitive",
        "resolved": "1.1.158",
        "contentHash": "TPQyXvLV/p4/RUeSqaEOUE2pBipFlvNVdrAsTd1qgNzBoIEN2UMJHwH0SrcUFVuDWqpZbphjXiZ/fGA9WnmbTg=="
      },
      "Newtonsoft.Json": {
        "type": "Transitive",
        "resolved": "13.0.3",
        "contentHash": "HrC5BXdl00IP9zeV+0Z848QWPAoCr9P3bDEZguI+gkLcBKAOxix/tLEAAHC+UvDNPv4a2d18lOReHMOagPa+zQ=="
      },
      "NuGet.Commands": {
        "type": "Transitive",
        "resolved": "7.9.0",
        "contentHash": "1D4425Hfb2jXCkHywnQJwZh2PxPVhbgSa8tiofsTX4yXA5hyoBLgZFbMMOmaPbWZUf87LuBKHi2nx3hZEhMqbw==",
        "dependencies": {
          "Microsoft.Extensions.FileSystemGlobbing": "6.0.0",
          "NuGet.Credentials": "7.9.0",
          "NuGet.ProjectModel": "7.9.0"
        }
      },
      "NuGet.Common": {
        "type": "Transitive",
        "resolved": "7.9.0",
        "contentHash": "OWFEzHpwvgzSaHYmWzfbyTm6oBOy/BFSFEDk73zM9jiJaxdopYZ/DrqIQogaM3F+ZGTppBJffmzu5adetEI/YA==",
        "dependencies": {
          "NuGet.Frameworks": "7.9.0"
        }
      },
      "NuGet.Configuration": {
        "type": "Transitive",
        "resolved": "7.9.0",
        "contentHash": "oY9XZp+TWjOmiGmU4R4JWBRY3F4TAVo7tqPr/z7MOsFcEpdYHMryjNSscoLBxUTR3WmFmYgO0Gvu4eRbz6pzOg==",
        "dependencies": {
          "NuGet.Common": "7.9.0"
        }
      },
      "NuGet.Credentials": {
        "type": "Transitive",
        "resolved": "7.9.0",
        "contentHash": "K+etX+2rEk7nLVd3a6vA/7hjARtiDORoaGgIUYul4hj3VSXC1Icj+PSdBygjQ0c4CmUC3i+Zqoaz7F1EwD+DBw==",
        "dependencies": {
          "NuGet.Protocol": "7.9.0"
        }
      },
      "NuGet.DependencyResolver.Core": {
        "type": "Transitive",
        "resolved": "7.9.0",
        "contentHash": "0OVtQufJaPMJGdGpjuPmsDwvYX1SdE1L0XDCGfSnIPDj/tyUKILAuVrjHINPFl7smrsdtmoIlIJkEEDYpd1LMQ==",
        "dependencies": {
          "NuGet.Configuration": "7.9.0",
          "NuGet.LibraryModel": "7.9.0",
          "NuGet.Protocol": "7.9.0"
        }
      },
      "NuGet.Frameworks": {
        "type": "Transitive",
        "resolved": "7.9.0",
        "contentHash": "w2adPmgUafmW9ON1MzDjuHmViN0vtiPV48Dz3OE6px8BiGSqrnWHOjwFEPOEPAZx20J1c7bxp90Hxo9l4xGWtw=="
      },
      "NuGet.LibraryModel": {
        "type": "Transitive",
        "resolved": "7.9.0",
        "contentHash": "96/6qeHY4CfOpMyk6XyOBbNF1QD50iFNFs2rs0ppBG3EYF5FyWZHvRHZoq3COXM2zlKmqrGt0EBCUkgdXvyGfw==",
        "dependencies": {
          "NuGet.Common": "7.9.0",
          "NuGet.Versioning": "7.9.0"
        }
      },
      "NuGet.PackageManagement": {
        "type": "Transitive",
        "resolved": "7.9.0",
        "contentHash": "nqU1j+5EkwGnXEaOx3hvPRDJN7Fx+NKkAjBtDoiDtpSQGTQSxmwo+txfn2QQTvRlITTWdOMh0SE2mdmFryLmjg==",
        "dependencies": {
          "Microsoft.Web.Xdt": "3.2.0",
          "NuGet.Commands": "7.9.0",
          "NuGet.Resolver": "7.9.0",
          "System.ComponentModel.Composition": "4.5.0"
        }
      },
      "NuGet.Packaging": {
        "type": "Transitive",
        "resolved": "7.9.0",
        "contentHash": "Q2jxuud5kJLV0rUzsC02iC5ts8QsQu9UVyMvF8lULY3TwHL/W/PrnQ9bQFvMR7jJkzF1uilRPI1o+7VOtc2XMg==",
        "dependencies": {
          "Newtonsoft.Json": "13.0.3",
          "NuGet.Configuration": "7.9.0",
          "NuGet.Versioning": "7.9.0"
        }
      },
      "NuGet.ProjectModel": {
        "type": "Transitive",
        "resolved": "7.9.0",
        "contentHash": "RIDWJdbA/1P+IA+QjjhG7RTAN1eEmJJFKtXMRz5dNoHX7EmIdpUURdiygmgykHHuhXX4aPAMZ49OONT3SITtOQ==",
        "dependencies": {
          "NuGet.DependencyResolver.Core": "7.9.0"
        }
      },
      "NuGet.Protocol": {
        "type": "Transitive",
        "resolved": "7.9.0",
        "contentHash": "Ts0qPUGJYfFHhlNSSWWrkaSG6++WqS6ry32WmQA7eNdzTc9SumyhDflITcusBYkT6pEQD5BI1UEByakciV3s0A==",
        "dependencies": {
          "NuGet.Packaging": "7.9.0"
        }
      },
      "NuGet.Resolver": {
        "type": "Transitive",
        "resolved": "7.9.0",
        "contentHash": "AeambHAB0Cq/BFR84mQvV92kPJAglFt8eVQTAYey58wEfgQaajk/RysHJVX3wP9Hr7/NfpDLIIsJdVH4Yub+og==",
        "dependencies": {
          "NuGet.Protocol": "7.9.0"
        }
      },
      "NuGet.Versioning": {
        "type": "Transitive",
        "resolved": "7.9.0",
        "contentHash": "r4sZuVpVqwSBLe4qYDrnpScqdyctlRXg0HSF5OoCGkeBc8b+o8BBYHuI/u1RoWYX78PbieijU13TBt71/Xf3lw=="
      },
      "Orc.Automation": {
        "type": "Transitive",
        "resolved": "6.0.1",
        "contentHash": "ms8jS4DUqiJGIaMu3eA6TGbsYd96ff6s0mUPYvvCUgwRV4gTGfXAWRB5nb5b/x29kq7s67XTe56uJg0jECHNLw==",
        "dependencies": {
          "Catel.MVVM": "7.0.0",
          "Orc.Serialization.Json": "6.0.0"
        }
      },
      "Orc.FileSystem": {
        "type": "Transitive",
        "resolved": "6.0.0",
        "contentHash": "pegedVRlefzqh+qbwQ/CRos04H7IRIrAQ9VBGoEx+P1FW7/t8IX7wW6TX7ZL43znPW81GYYMWRutcPgw43uMQQ==",
        "dependencies": {
          "Catel.Core": "7.0.0"
        }
      },
      "Orc.Serialization.Json": {
        "type": "Transitive",
        "resolved": "6.0.0",
        "contentHash": "IXVqwIL/9XWPOBECnvMYpzv0Krrn3KwAaMyCOQvkFWBQUlygeUYSZz0sD9REy204m35hmJzE/q/k+Jmfb8Oz1w==",
        "dependencies": {
          "Catel.Core": "7.0.0"
        }
      },
      "Orc.Theming": {
        "type": "Transitive",
        "resolved": "6.0.0",
        "contentHash": "vtvT+E+R8wVQ3AtjbkH7nF7Rv1svMjCyR1XKpinTAbj87sLtpeyDvpZZluqFIAa75p061U2xKRk3HoWtcX9WnA==",
        "dependencies": {
          "Catel.MVVM": "7.0.0",
          "ControlzEx": "7.0.4"
        }
      },
      "System.ComponentModel.Annotations": {
        "type": "Transitive",
        "resolved": "5.0.0",
        "contentHash": "dMkqfy2el8A8/I76n2Hi1oBFEbG1SfxD2l5nhwXV3XjlnOmwxJlQbYpJH4W51odnU9sARCSAgv7S3CyAFMkpYg=="
      },
      "System.ComponentModel.Composition": {
        "type": "Transitive",
        "resolved": "4.5.0",
        "contentHash": "+iB9FoZnfdqMEGq6np28X6YNSUrse16CakmIhV3h6PxEWt7jYxUN3Txs1D8MZhhf4QmyvK0F/EcIN0f4gGN0dA=="
      },
      "orc.nugetexplorer": {
        "type": "Project",
        "dependencies": {
          "Catel.MVVM": "[7.0.1, )",
          "NuGet.PackageManagement": "[7.9.0, )",
          "Orc.FileSystem": "[6.0.0, )"
        }
      }
    }
  }
}