
Microsoft Visual Studio Solution File, Format Version 12.00
# Visual Studio Version 17
VisualStudioVersion = 17.9.34321.82
MinimumVisualStudioVersion = 10.0.40219.1
Project("{2150E333-8FDC-42A3-9474-1A3956D46DE8}") = "src", "src", "{005F94F0-662A-4FE1-95AF-5D1C22DA8BF3}"
EndProject
Project("{2150E333-8FDC-42A3-9474-1A3956D46DE8}") = "misc", "misc", "{B179BD9A-424F-4254-802E-C2D45D7D83F2}"
	ProjectSection(SolutionItems) = preProject
		Directory.build.project.props = Directory.build.project.props
		Directory.build.props = Directory.build.props
		Directory.build.shared.explicit.props = Directory.build.shared.explicit.props
		Directory.build.shared.implicit.props = Directory.build.shared.implicit.props
		Directory.build.shared.mat.props = Directory.build.shared.mat.props
		Directory.build.targets = Directory.build.targets
		GlobalSuppressions.cs = GlobalSuppressions.cs
		NuGet.config = NuGet.config
		Orc.NuGetExplorer.sln.DotSettings = Orc.NuGetExplorer.sln.DotSettings
		Settings.StyleCop = Settings.StyleCop
		SolutionAssemblyInfo.cs = SolutionAssemblyInfo.cs
	EndProjectSection
EndProject
Project("{2150E333-8FDC-42A3-9474-1A3956D46DE8}") = "Core", "Core", "{C51EE041-02FF-4906-985C-A9C22E1DAEB0}"
EndProject
Project("{2150E333-8FDC-42A3-9474-1A3956D46DE8}") = "Example", "Example", "{6064581D-9876-4BC1-85E2-D7AED593B292}"
EndProject
Project("{2150E333-8FDC-42A3-9474-1A3956D46DE8}") = "Tests", "Tests", "{2CE09909-7003-4E8C-9FAA-DBE7E478E5E8}"
EndProject
Project("{9A19103F-16F7-4668-BE54-9A1E7A4F7556}") = "Orc.NuGetExplorer", "Orc.NuGetExplorer\Orc.NuGetExplorer.csproj", "{A02EE7B2-0EA4-4BD6-B2AF-2BC53FEB87F0}"
EndProject
Project("{9A19103F-16F7-4668-BE54-9A1E7A4F7556}") = "Orc.NuGetExplorer.Xaml", "Orc.NuGetExplorer.Xaml\Orc.NuGetExplorer.Xaml.csproj", "{6A1494F8-88AA-41CE-B899-6B2CFAA8C678}"
EndProject
Project("{9A19103F-16F7-4668-BE54-9A1E7A4F7556}") = "Orc.NuGetExplorer.Example", "Orc.NuGetExplorer.Example\Orc.NuGetExplorer.Example.csproj", "{38FD92C6-5F88-4E90-9CB9-8B3CA504ED5D}"
EndProject
Project("{9A19103F-16F7-4668-BE54-9A1E7A4F7556}") = "Orc.NuGetExplorer.Tests", "Orc.NuGetExplorer.Tests\Orc.NuGetExplorer.Tests.csproj", "{20CEFFCF-75A0-4EFE-A337-A9178DAAFAE8}"
EndProject
Global
	GlobalSection(SolutionConfigurationPlatforms) = preSolution
		Ad-Hoc|Any CPU = Ad-Hoc|Any CPU
		Ad-Hoc|ARM = Ad-Hoc|ARM
		Ad-Hoc|iPhone = Ad-Hoc|iPhone
		Ad-Hoc|iPhoneSimulator = Ad-Hoc|iPhoneSimulator
		Ad-Hoc|Mixed Platforms = Ad-Hoc|Mixed Platforms
		Ad-Hoc|x86 = Ad-Hoc|x86
		AppStore|Any CPU = AppStore|Any CPU
		AppStore|ARM = AppStore|ARM
		AppStore|iPhone = AppStore|iPhone
		AppStore|iPhoneSimulator = AppStore|iPhoneSimulator
		AppStore|Mixed Platforms = AppStore|Mixed Platforms
		AppStore|x86 = AppStore|x86
		Debug|Any CPU = Debug|Any CPU
		Debug|ARM = Debug|ARM
		Debug|iPhone = Debug|iPhone
		Debug|iPhoneSimulator = Debug|iPhoneSimulator
		Debug|Mixed Platforms = Debug|Mixed Platforms
		Debug|x86 = Debug|x86
		Release|Any CPU = Release|Any CPU
		Release|ARM = Release|ARM
		Release|iPhone = Release|iPhone
		Release|iPhoneSimulator = Release|iPhoneSimulator
		Release|Mixed Platforms = Release|Mixed Platforms
		Release|x86 = Release|x86
	EndGlobalSection
	GlobalSection(ProjectConfigurationPlatforms) = postSolution
		{A02EE7B2-0EA4-4BD6-B2AF-2BC53FEB87F0}.Ad-Hoc|Any CPU.ActiveCfg = Release|Any CPU
		{A02EE7B2-0EA4-4BD6-B2AF-2BC53FEB87F0}.Ad-Hoc|Any CPU.Build.0 = Release|Any CPU
		{A02EE7B2-0EA4-4BD6-B2AF-2BC53FEB87F0}.Ad-Hoc|ARM.ActiveCfg = Release|Any CPU
		{A02EE7B2-0EA4-4BD6-B2AF-2BC53FEB87F0}.Ad-Hoc|ARM.Build.0 = Release|Any CPU
		{A02EE7B2-0EA4-4BD6-B2AF-2BC53FEB87F0}.Ad-Hoc|iPhone.ActiveCfg = Release|Any CPU
		{A02EE7B2-0EA4-4BD6-B2AF-2BC53FEB87F0}.Ad-Hoc|iPhone.Build.0 = Release|Any CPU
		{A02EE7B2-0EA4-4BD6-B2AF-2BC53FEB87F0}.Ad-Hoc|iPhoneSimulator.ActiveCfg = Release|Any CPU
		{A02EE7B2-0EA4-4BD6-B2AF-2BC53FEB87F0}.Ad-Hoc|iPhoneSimulator.Build.0 = Release|Any CPU
		{A02EE7B2-0EA4-4BD6-B2AF-2BC53FEB87F0}.Ad-Hoc|Mixed Platforms.ActiveCfg = Release|Any CPU
		{A02EE7B2-0EA4-4BD6-B2AF-2BC53FEB87F0}.Ad-Hoc|Mixed Platforms.Build.0 = Release|Any CPU
		{A02EE7B2-0EA4-4BD6-B2AF-2BC53FEB87F0}.Ad-Hoc|x86.ActiveCfg = Release|Any CPU
		{A02EE7B2-0EA4-4BD6-B2AF-2BC53FEB87F0}.Ad-Hoc|x86.Build.0 = Release|Any CPU
		{A02EE7B2-0EA4-4BD6-B2AF-2BC53FEB87F0}.AppStore|Any CPU.ActiveCfg = Release|Any CPU
		{A02EE7B2-0EA4-4BD6-B2AF-2BC53FEB87F0}.AppStore|Any CPU.Build.0 = Release|Any CPU
		{A02EE7B2-0EA4-4BD6-B2AF-2BC53FEB87F0}.AppStore|ARM.ActiveCfg = Release|Any CPU
		{A02EE7B2-0EA4-4BD6-B2AF-2BC53FEB87F0}.AppStore|ARM.Build.0 = Release|Any CPU
		{A02EE7B2-0EA4-4BD6-B2AF-2BC53FEB87F0}.AppStore|iPhone.ActiveCfg = Release|Any CPU
		{A02EE7B2-0EA4-4BD6-B2AF-2BC53FEB87F0}.AppStore|iPhone.Build.0 = Release|Any CPU
		{A02EE7B2-0EA4-4BD6-B2AF-2BC53FEB87F0}.AppStore|iPhoneSimulator.ActiveCfg = Release|Any CPU
		{A02EE7B2-0EA4-4BD6-B2AF-2BC53FEB87F0}.AppStore|iPhoneSimulator.Build.0 = Release|Any CPU
		{A02EE7B2-0EA4-4BD6-B2AF-2BC53FEB87F0}.AppStore|Mixed Platforms.ActiveCfg = Release|Any CPU
		{A02EE7B2-0EA4-4BD6-B2AF-2BC53FEB87F0}.AppStore|Mixed Platforms.Build.0 = Release|Any CPU
		{A02EE7B2-0EA4-4BD6-B2AF-2BC53FEB87F0}.AppStore|x86.ActiveCfg = Release|Any CPU
		{A02EE7B2-0EA4-4BD6-B2AF-2BC53FEB87F0}.AppStore|x86.Build.0 = Release|Any CPU
		{A02EE7B2-0EA4-4BD6-B2AF-2BC53FEB87F0}.Debug|Any CPU.ActiveCfg = Debug|Any CPU
		{A02EE7B2-0EA4-4BD6-B2AF-2BC53FEB87F0}.Debug|Any CPU.Build.0 = Debug|Any CPU
		{A02EE7B2-0EA4-4BD6-B2AF-2BC53FEB87F0}.Debug|ARM.ActiveCfg = Debug|Any CPU
		{A02EE7B2-0EA4-4BD6-B2AF-2BC53FEB87F0}.Debug|ARM.Build.0 = Debug|Any CPU
		{A02EE7B2-0EA4-4BD6-B2AF-2BC53FEB87F0}.Debug|iPhone.ActiveCfg = Debug|Any CPU
		{A02EE7B2-0EA4-4BD6-B2AF-2BC53FEB87F0}.Debug|iPhone.Build.0 = Debug|Any CPU
		{A02EE7B2-0EA4-4BD6-B2AF-2BC53FEB87F0}.Debug|iPhoneSimulator.ActiveCfg = Debug|Any CPU
		{A02EE7B2-0EA4-4BD6-B2AF-2BC53FEB87F0}.Debug|iPhoneSimulator.Build.0 = Debug|Any CPU
		{A02EE7B2-0EA4-4BD6-B2AF-2BC53FEB87F0}.Debug|Mixed Platforms.ActiveCfg = Debug|Any CPU
		{A02EE7B2-0EA4-4BD6-B2AF-2BC53FEB87F0}.Debug|Mixed Platforms.Build.0 = Debug|Any CPU
		{A02EE7B2-0EA4-4BD6-B2AF-2BC53FEB87F0}.Debug|x86.ActiveCfg = Debug|Any CPU
		{A02EE7B2-0EA4-4BD6-B2AF-2BC53FEB87F0}.Debug|x86.Build.0 = Debug|Any CPU
		{A02EE7B2-0EA4-4BD6-B2AF-2BC53FEB87F0}.Release|Any CPU.ActiveCfg = Release|Any CPU
		{A02EE7B2-0EA4-4BD6-B2AF-2BC53FEB87F0}.Release|Any CPU.Build.0 = Release|Any CPU
		{A02EE7B2-0EA4-4BD6-B2AF-2BC53FEB87F0}.Release|ARM.ActiveCfg = Release|Any CPU
		{A02EE7B2-0EA4-4BD6-B2AF-2BC53FEB87F0}.Release|ARM.Build.0 = Release|Any CPU
		{A02EE7B2-0EA4-4BD6-B2AF-2BC53FEB87F0}.Release|iPhone.ActiveCfg = Release|Any CPU
		{A02EE7B2-0EA4-4BD6-B2AF-2BC53FEB87F0}.Release|iPhone.Build.0 = Release|Any CPU
		{A02EE7B2-0EA4-4BD6-B2AF-2BC53FEB87F0}.Release|iPhoneSimulator.ActiveCfg = Release|Any CPU
		{A02EE7B2-0EA4-4BD6-B2AF-2BC53FEB87F0}.Release|iPhoneSimulator.Build.0 = Release|Any CPU
		{A02EE7B2-0EA4-4BD6-B2AF-2BC53FEB87F0}.Release|Mixed Platforms.ActiveCfg = Release|Any CPU
		{A02EE7B2-0EA4-4BD6-B2AF-2BC53FEB87F0}.Release|Mixed Platforms.Build.0 = Release|Any CPU
		{A02EE7B2-0EA4-4BD6-B2AF-2BC53FEB87F0}.Release|x86.ActiveCfg = Release|Any CPU
		{A02EE7B2-0EA4-4BD6-B2AF-2BC53FEB87F0}.Release|x86.Build.0 = Release|Any CPU
		{6A1494F8-88AA-41CE-B899-6B2CFAA8C678}.Ad-Hoc|Any CPU.ActiveCfg = Release|Any CPU
		{6A1494F8-88AA-41CE-B899-6B2CFAA8C678}.Ad-Hoc|Any CPU.Build.0 = Release|Any CPU
		{6A1494F8-88AA-41CE-B899-6B2CFAA8C678}.Ad-Hoc|ARM.ActiveCfg = Release|Any CPU
		{6A1494F8-88AA-41CE-B899-6B2CFAA8C678}.Ad-Hoc|ARM.Build.0 = Release|Any CPU
		{6A1494F8-88AA-41CE-B899-6B2CFAA8C678}.Ad-Hoc|iPhone.ActiveCfg = Release|Any CPU
		{6A1494F8-88AA-41CE-B899-6B2CFAA8C678}.Ad-Hoc|iPhone.Build.0 = Release|Any CPU
		{6A1494F8-88AA-41CE-B899-6B2CFAA8C678}.Ad-Hoc|iPhoneSimulator.ActiveCfg = Release|Any CPU
		{6A1494F8-88AA-41CE-B899-6B2CFAA8C678}.Ad-Hoc|iPhoneSimulator.Build.0 = Release|Any CPU
		{6A1494F8-88AA-41CE-B899-6B2CFAA8C678}.Ad-Hoc|Mixed Platforms.ActiveCfg = Release|Any CPU
		{6A1494F8-88AA-41CE-B899-6B2CFAA8C678}.Ad-Hoc|Mixed Platforms.Build.0 = Release|Any CPU
		{6A1494F8-88AA-41CE-B899-6B2CFAA8C678}.Ad-Hoc|x86.ActiveCfg = Release|Any CPU
		{6A1494F8-88AA-41CE-B899-6B2CFAA8C678}.Ad-Hoc|x86.Build.0 = Release|Any CPU
		{6A1494F8-88AA-41CE-B899-6B2CFAA8C678}.AppStore|Any CPU.ActiveCfg = Release|Any CPU
		{6A1494F8-88AA-41CE-B899-6B2CFAA8C678}.AppStore|Any CPU.Build.0 = Release|Any CPU
		{6A1494F8-88AA-41CE-B899-6B2CFAA8C678}.AppStore|ARM.ActiveCfg = Release|Any CPU
		{6A1494F8-88AA-41CE-B899-6B2CFAA8C678}.AppStore|ARM.Build.0 = Release|Any CPU
		{6A1494F8-88AA-41CE-B899-6B2CFAA8C678}.AppStore|iPhone.ActiveCfg = Release|Any CPU
		{6A1494F8-88AA-41CE-B899-6B2CFAA8C678}.AppStore|iPhone.Build.0 = Release|Any CPU
		{6A1494F8-88AA-41CE-B899-6B2CFAA8C678}.AppStore|iPhoneSimulator.ActiveCfg = Release|Any CPU
		{6A1494F8-88AA-41CE-B899-6B2CFAA8C678}.AppStore|iPhoneSimulator.Build.0 = Release|Any CPU
		{6A1494F8-88AA-41CE-B899-6B2CFAA8C678}.AppStore|Mixed Platforms.ActiveCfg = Release|Any CPU
		{6A1494F8-88AA-41CE-B899-6B2CFAA8C678}.AppStore|Mixed Platforms.Build.0 = Release|Any CPU
		{6A1494F8-88AA-41CE-B899-6B2CFAA8C678}.AppStore|x86.ActiveCfg = Release|Any CPU
		{6A1494F8-88AA-41CE-B899-6B2CFAA8C678}.AppStore|x86.Build.0 = Release|Any CPU
		{6A1494F8-88AA-41CE-B899-6B2CFAA8C678}.Debug|Any CPU.ActiveCfg = Debug|Any CPU
		{6A1494F8-88AA-41CE-B899-6B2CFAA8C678}.Debug|Any CPU.Build.0 = Debug|Any CPU
		{6A1494F8-88AA-41CE-B899-6B2CFAA8C678}.Debug|ARM.ActiveCfg = Debug|Any CPU
		{6A1494F8-88AA-41CE-B899-6B2CFAA8C678}.Debug|ARM.Build.0 = Debug|Any CPU
		{6A1494F8-88AA-41CE-B899-6B2CFAA8C678}.Debug|iPhone.ActiveCfg = Debug|Any CPU
		{6A1494F8-88AA-41CE-B899-6B2CFAA8C678}.Debug|iPhone.Build.0 = Debug|Any CPU
		{6A1494F8-88AA-41CE-B899-6B2CFAA8C678}.Debug|iPhoneSimulator.ActiveCfg = Debug|Any CPU
		{6A1494F8-88AA-41CE-B899-6B2CFAA8C678}.Debug|iPhoneSimulator.Build.0 = Debug|Any CPU
		{6A1494F8-88AA-41CE-B899-6B2CFAA8C678}.Debug|Mixed Platforms.ActiveCfg = Debug|Any CPU
		{6A1494F8-88AA-41CE-B899-6B2CFAA8C678}.Debug|Mixed Platforms.Build.0 = Debug|Any CPU
		{6A1494F8-88AA-41CE-B899-6B2CFAA8C678}.Debug|x86.ActiveCfg = Debug|Any CPU
		{6A1494F8-88AA-41CE-B899-6B2CFAA8C678}.Debug|x86.Build.0 = Debug|Any CPU
		{6A1494F8-88AA-41CE-B899-6B2CFAA8C678}.Release|Any CPU.ActiveCfg = Release|Any CPU
		{6A1494F8-88AA-41CE-B899-6B2CFAA8C678}.Release|Any CPU.Build.0 = Release|Any CPU
		{6A1494F8-88AA-41CE-B899-6B2CFAA8C678}.Release|ARM.ActiveCfg = Release|Any CPU
		{6A1494F8-88AA-41CE-B899-6B2CFAA8C678}.Release|ARM.Build.0 = Release|Any CPU
		{6A1494F8-88AA-41CE-B899-6B2CFAA8C678}.Release|iPhone.ActiveCfg = Release|Any CPU
		{6A1494F8-88AA-41CE-B899-6B2CFAA8C678}.Release|iPhone.Build.0 = Release|Any CPU
		{6A1494F8-88AA-41CE-B899-6B2CFAA8C678}.Release|iPhoneSimulator.ActiveCfg = Release|Any CPU
		{6A1494F8-88AA-41CE-B899-6B2CFAA8C678}.Release|iPhoneSimulator.Build.0 = Release|Any CPU
		{6A1494F8-88AA-41CE-B899-6B2CFAA8C678}.Release|Mixed Platforms.ActiveCfg = Release|Any CPU
		{6A1494F8-88AA-41CE-B899-6B2CFAA8C678}.Release|Mixed Platforms.Build.0 = Release|Any CPU
		{6A1494F8-88AA-41CE-B899-6B2CFAA8C678}.Release|x86.ActiveCfg = Release|Any CPU
		{6A1494F8-88AA-41CE-B899-6B2CFAA8C678}.Release|x86.Build.0 = Release|Any CPU
		{38FD92C6-5F88-4E90-9CB9-8B3CA504ED5D}.Ad-Hoc|Any CPU.ActiveCfg = Debug|Any CPU
		{38FD92C6-5F88-4E90-9CB9-8B3CA504ED5D}.Ad-Hoc|Any CPU.Build.0 = Debug|Any CPU
		{38FD92C6-5F88-4E90-9CB9-8B3CA504ED5D}.Ad-Hoc|ARM.ActiveCfg = Debug|Any CPU
		{38FD92C6-5F88-4E90-9CB9-8B3CA504ED5D}.Ad-Hoc|ARM.Build.0 = Debug|Any CPU
		{38FD92C6-5F88-4E90-9CB9-8B3CA504ED5D}.Ad-Hoc|iPhone.ActiveCfg = Debug|Any CPU
		{38FD92C6-5F88-4E90-9CB9-8B3CA504ED5D}.Ad-Hoc|iPhone.Build.0 = Debug|Any CPU
		{38FD92C6-5F88-4E90-9CB9-8B3CA504ED5D}.Ad-Hoc|iPhoneSimulator.ActiveCfg = Debug|Any CPU
		{38FD92C6-5F88-4E90-9CB9-8B3CA504ED5D}.Ad-Hoc|iPhoneSimulator.Build.0 = Debug|Any CPU
		{38FD92C6-5F88-4E90-9CB9-8B3CA504ED5D}.Ad-Hoc|Mixed Platforms.ActiveCfg = Debug|Any CPU
		{38FD92C6-5F88-4E90-9CB9-8B3CA504ED5D}.Ad-Hoc|Mixed Platforms.Build.0 = Debug|Any CPU
		{38FD92C6-5F88-4E90-9CB9-8B3CA504ED5D}.Ad-Hoc|x86.ActiveCfg = Debug|Any CPU
		{38FD92C6-5F88-4E90-9CB9-8B3CA504ED5D}.Ad-Hoc|x86.Build.0 = Debug|Any CPU
		{38FD92C6-5F88-4E90-9CB9-8B3CA504ED5D}.AppStore|Any CPU.ActiveCfg = Debug|Any CPU
		{38FD92C6-5F88-4E90-9CB9-8B3CA504ED5D}.AppStore|Any CPU.Build.0 = Debug|Any CPU
		{38FD92C6-5F88-4E90-9CB9-8B3CA504ED5D}.AppStore|ARM.ActiveCfg = Debug|Any CPU
		{38FD92C6-5F88-4E90-9CB9-8B3CA504ED5D}.AppStore|ARM.Build.0 = Debug|Any CPU
		{38FD92C6-5F88-4E90-9CB9-8B3CA504ED5D}.AppStore|iPhone.ActiveCfg = Debug|Any CPU
		{38FD92C6-5F88-4E90-9CB9-8B3CA504ED5D}.AppStore|iPhone.Build.0 = Debug|Any CPU
		{38FD92C6-5F88-4E90-9CB9-8B3CA504ED5D}.AppStore|iPhoneSimulator.ActiveCfg = Debug|Any CPU
		{38FD92C6-5F88-4E90-9CB9-8B3CA504ED5D}.AppStore|iPhoneSimulator.Build.0 = Debug|Any CPU
		{38FD92C6-5F88-4E90-9CB9-8B3CA504ED5D}.AppStore|Mixed Platforms.ActiveCfg = Debug|Any CPU
		{38FD92C6-5F88-4E90-9CB9-8B3CA504ED5D}.AppStore|Mixed Platforms.Build.0 = Debug|Any CPU
		{38FD92C6-5F88-4E90-9CB9-8B3CA504ED5D}.AppStore|x86.ActiveCfg = Debug|Any CPU
		{38FD92C6-5F88-4E90-9CB9-8B3CA504ED5D}.AppStore|x86.Build.0 = Debug|Any CPU
		{38FD92C6-5F88-4E90-9CB9-8B3CA504ED5D}.Debug|Any CPU.ActiveCfg = Debug|Any CPU
		{38FD92C6-5F88-4E90-9CB9-8B3CA504ED5D}.Debug|Any CPU.Build.0 = Debug|Any CPU
		{38FD92C6-5F88-4E90-9CB9-8B3CA504ED5D}.Debug|ARM.ActiveCfg = Debug|Any CPU
		{38FD92C6-5F88-4E90-9CB9-8B3CA504ED5D}.Debug|ARM.Build.0 = Debug|Any CPU
		{38FD92C6-5F88-4E90-9CB9-8B3CA504ED5D}.Debug|iPhone.ActiveCfg = Debug|Any CPU
		{38FD92C6-5F88-4E90-9CB9-8B3CA504ED5D}.Debug|iPhone.Build.0 = Debug|Any CPU
		{38FD92C6-5F88-4E90-9CB9-8B3CA504ED5D}.Debug|iPhoneSimulator.ActiveCfg = Debug|Any CPU
		{38FD92C6-5F88-4E90-9CB9-8B3CA504ED5D}.Debug|iPhoneSimulator.Build.0 = Debug|Any CPU
		{38FD92C6-5F88-4E90-9CB9-8B3CA504ED5D}.Debug|Mixed Platforms.ActiveCfg = Debug|Any CPU
		{38FD92C6-5F88-4E90-9CB9-8B3CA504ED5D}.Debug|Mixed Platforms.Build.0 = Debug|Any CPU
		{38FD92C6-5F88-4E90-9CB9-8B3CA504ED5D}.Debug|x86.ActiveCfg = Debug|Any CPU
		{38FD92C6-5F88-4E90-9CB9-8B3CA504ED5D}.Debug|x86.Build.0 = Debug|Any CPU
		{38FD92C6-5F88-4E90-9CB9-8B3CA504ED5D}.Release|Any CPU.ActiveCfg = Release|Any CPU
		{38FD92C6-5F88-4E90-9CB9-8B3CA504ED5D}.Release|Any CPU.Build.0 = Release|Any CPU
		{38FD92C6-5F88-4E90-9CB9-8B3CA504ED5D}.Release|ARM.ActiveCfg = Release|Any CPU
		{38FD92C6-5F88-4E90-9CB9-8B3CA504ED5D}.Release|ARM.Build.0 = Release|Any CPU
		{38FD92C6-5F88-4E90-9CB9-8B3CA504ED5D}.Release|iPhone.ActiveCfg = Release|Any CPU
		{38FD92C6-5F88-4E90-9CB9-8B3CA504ED5D}.Release|iPhone.Build.0 = Release|Any CPU
		{38FD92C6-5F88-4E90-9CB9-8B3CA504ED5D}.Release|iPhoneSimulator.ActiveCfg = Release|Any CPU
		{38FD92C6-5F88-4E90-9CB9-8B3CA504ED5D}.Release|iPhoneSimulator.Build.0 = Release|Any CPU
		{38FD92C6-5F88-4E90-9CB9-8B3CA504ED5D}.Release|Mixed Platforms.ActiveCfg = Release|Any CPU
		{38FD92C6-5F88-4E90-9CB9-8B3CA504ED5D}.Release|Mixed Platforms.Build.0 = Release|Any CPU
		{38FD92C6-5F88-4E90-9CB9-8B3CA504ED5D}.Release|x86.ActiveCfg = Release|Any CPU
		{38FD92C6-5F88-4E90-9CB9-8B3CA504ED5D}.Release|x86.Build.0 = Release|Any CPU
		{20CEFFCF-75A0-4EFE-A337-A9178DAAFAE8}.Ad-Hoc|Any CPU.ActiveCfg = Release|Any CPU
		{20CEFFCF-75A0-4EFE-A337-A9178DAAFAE8}.Ad-Hoc|Any CPU.Build.0 = Release|Any CPU
		{20CEFFCF-75A0-4EFE-A337-A9178DAAFAE8}.Ad-Hoc|ARM.ActiveCfg = Release|Any CPU
		{20CEFFCF-75A0-4EFE-A337-A9178DAAFAE8}.Ad-Hoc|ARM.Build.0 = Release|Any CPU
		{20CEFFCF-75A0-4EFE-A337-A9178DAAFAE8}.Ad-Hoc|iPhone.ActiveCfg = Release|Any CPU
		{20CEFFCF-75A0-4EFE-A337-A9178DAAFAE8}.Ad-Hoc|iPhone.Build.0 = Release|Any CPU
		{20CEFFCF-75A0-4EFE-A337-A9178DAAFAE8}.Ad-Hoc|iPhoneSimulator.ActiveCfg = Release|Any CPU
		{20CEFFCF-75A0-4EFE-A337-A9178DAAFAE8}.Ad-Hoc|iPhoneSimulator.Build.0 = Release|Any CPU
		{20CEFFCF-75A0-4EFE-A337-A9178DAAFAE8}.Ad-Hoc|Mixed Platforms.ActiveCfg = Release|Any CPU
		{20CEFFCF-75A0-4EFE-A337-A9178DAAFAE8}.Ad-Hoc|Mixed Platforms.Build.0 = Release|Any CPU
		{20CEFFCF-75A0-4EFE-A337-A9178DAAFAE8}.Ad-Hoc|x86.ActiveCfg = Release|Any CPU
		{20CEFFCF-75A0-4EFE-A337-A9178DAAFAE8}.Ad-Hoc|x86.Build.0 = Release|Any CPU
		{20CEFFCF-75A0-4EFE-A337-A9178DAAFAE8}.AppStore|Any CPU.ActiveCfg = Release|Any CPU
		{20CEFFCF-75A0-4EFE-A337-A9178DAAFAE8}.AppStore|Any CPU.Build.0 = Release|Any CPU
		{20CEFFCF-75A0-4EFE-A337-A9178DAAFAE8}.AppStore|ARM.ActiveCfg = Release|Any CPU
		{20CEFFCF-75A0-4EFE-A337-A9178DAAFAE8}.AppStore|ARM.Build.0 = Release|Any CPU
		{20CEFFCF-75A0-4EFE-A337-A9178DAAFAE8}.AppStore|iPhone.ActiveCfg = Release|Any CPU
		{20CEFFCF-75A0-4EFE-A337-A9178DAAFAE8}.AppStore|iPhone.Build.0 = Release|Any CPU
		{20CEFFCF-75A0-4EFE-A337-A9178DAAFAE8}.AppStore|iPhoneSimulator.ActiveCfg = Release|Any CPU
		{20CEFFCF-75A0-4EFE-A337-A9178DAAFAE8}.AppStore|iPhoneSimulator.Build.0 = Release|Any CPU
		{20CEFFCF-75A0-4EFE-A337-A9178DAAFAE8}.AppStore|Mixed Platforms.ActiveCfg = Release|Any CPU
		{20CEFFCF-75A0-4EFE-A337-A9178DAAFAE8}.AppStore|Mixed Platforms.Build.0 = Release|Any CPU
		{20CEFFCF-75A0-4EFE-A337-A9178DAAFAE8}.AppStore|x86.ActiveCfg = Release|Any CPU
		{20CEFFCF-75A0-4EFE-A337-A9178DAAFAE8}.AppStore|x86.Build.0 = Release|Any CPU
		{20CEFFCF-75A0-4EFE-A337-A9178DAAFAE8}.Debug|Any CPU.ActiveCfg = Debug|Any CPU
		{20CEFFCF-75A0-4EFE-A337-A9178DAAFAE8}.Debug|Any CPU.Build.0 = Debug|Any CPU
		{20CEFFCF-75A0-4EFE-A337-A9178DAAFAE8}.Debug|ARM.ActiveCfg = Debug|Any CPU
		{20CEFFCF-75A0-4EFE-A337-A9178DAAFAE8}.Debug|ARM.Build.0 = Debug|Any CPU
		{20CEFFCF-75A0-4EFE-A337-A9178DAAFAE8}.Debug|iPhone.ActiveCfg = Debug|Any CPU
		{20CEFFCF-75A0-4EFE-A337-A9178DAAFAE8}.Debug|iPhone.Build.0 = Debug|Any CPU
		{20CEFFCF-75A0-4EFE-A337-A9178DAAFAE8}.Debug|iPhoneSimulator.ActiveCfg = Debug|Any CPU
		{20CEFFCF-75A0-4EFE-A337-A9178DAAFAE8}.Debug|iPhoneSimulator.Build.0 = Debug|Any CPU
		{20CEFFCF-75A0-4EFE-A337-A9178DAAFAE8}.Debug|Mixed Platforms.ActiveCfg = Debug|Any CPU
		{20CEFFCF-75A0-4EFE-A337-A9178DAAFAE8}.Debug|Mixed Platforms.Build.0 = Debug|Any CPU
		{20CEFFCF-75A0-4EFE-A337-A9178DAAFAE8}.Debug|x86.ActiveCfg = Debug|Any CPU
		{20CEFFCF-75A0-4EFE-A337-A9178DAAFAE8}.Debug|x86.Build.0 = Debug|Any CPU
		{20CEFFCF-75A0-4EFE-A337-A9178DAAFAE8}.Release|Any CPU.ActiveCfg = Release|Any CPU
		{20CEFFCF-75A0-4EFE-A337-A9178DAAFAE8}.Release|Any CPU.Build.0 = Release|Any CPU
		{20CEFFCF-75A0-4EFE-A337-A9178DAAFAE8}.Release|ARM.ActiveCfg = Release|Any CPU
		{20CEFFCF-75A0-4EFE-A337-A9178DAAFAE8}.Release|ARM.Build.0 = Release|Any CPU
		{20CEFFCF-75A0-4EFE-A337-A9178DAAFAE8}.Release|iPhone.ActiveCfg = Release|Any CPU
		{20CEFFCF-75A0-4EFE-A337-A9178DAAFAE8}.Release|iPhone.Build.0 = Release|Any CPU
		{20CEFFCF-75A0-4EFE-A337-A9178DAAFAE8}.Release|iPhoneSimulator.ActiveCfg = Release|Any CPU
		{20CEFFCF-75A0-4EFE-A337-A9178DAAFAE8}.Release|iPhoneSimulator.Build.0 = Release|Any CPU
		{20CEFFCF-75A0-4EFE-A337-A9178DAAFAE8}.Release|Mixed Platforms.ActiveCfg = Release|Any CPU
		{20CEFFCF-75A0-4EFE-A337-A9178DAAFAE8}.Release|Mixed Platforms.Build.0 = Release|Any CPU
		{20CEFFCF-75A0-4EFE-A337-A9178DAAFAE8}.Release|x86.ActiveCfg = Release|Any CPU
		{20CEFFCF-75A0-4EFE-A337-A9178DAAFAE8}.Release|x86.Build.0 = Release|Any CPU
	EndGlobalSection
	GlobalSection(SolutionProperties) = preSolution
		HideSolutionNode = FALSE
	EndGlobalSection
	GlobalSection(NestedProjects) = preSolution
		{C51EE041-02FF-4906-985C-A9C22E1DAEB0} = {005F94F0-662A-4FE1-95AF-5D1C22DA8BF3}
		{6064581D-9876-4BC1-85E2-D7AED593B292} = {005F94F0-662A-4FE1-95AF-5D1C22DA8BF3}
		{2CE09909-7003-4E8C-9FAA-DBE7E478E5E8} = {005F94F0-662A-4FE1-95AF-5D1C22DA8BF3}
		{A02EE7B2-0EA4-4BD6-B2AF-2BC53FEB87F0} = {C51EE041-02FF-4906-985C-A9C22E1DAEB0}
		{6A1494F8-88AA-41CE-B899-6B2CFAA8C678} = {C51EE041-02FF-4906-985C-A9C22E1DAEB0}
		{38FD92C6-5F88-4E90-9CB9-8B3CA504ED5D} = {6064581D-9876-4BC1-85E2-D7AED593B292}
		{20CEFFCF-75A0-4EFE-A337-A9178DAAFAE8} = {2CE09909-7003-4E8C-9FAA-DBE7E478E5E8}
	EndGlobalSection
	GlobalSection(ExtensibilityGlobals) = postSolution
		SolutionGuid = {DF1C9DED-1723-4350-897A-A50BBA6F5A33}
	EndGlobalSection
EndGlobal
