<Solution>
  <Configurations>
    <BuildType Name="Ad-Hoc" />
    <BuildType Name="AppStore" />
    <BuildType Name="Debug" />
    <BuildType Name="Release" />
    <Platform Name="Any CPU" />
    <Platform Name="ARM" />
    <Platform Name="iPhone" />
    <Platform Name="iPhoneSimulator" />
    <Platform Name="Mixed Platforms" />
    <Platform Name="x86" />
  </Configurations>
  <Folder Name="/misc/">
    <File Path="Directory.build.project.props" />
    <File Path="Directory.build.props" />
    <File Path="Directory.build.shared.explicit.props" />
    <File Path="Directory.build.shared.implicit.props" />
    <File Path="Directory.build.shared.mat.props" />
    <File Path="Directory.build.targets" />
    <File Path="GlobalSuppressions.cs" />
    <File Path="NuGet.config" />
    <File Path="Orc.NuGetExplorer.sln.DotSettings" />
    <File Path="Settings.StyleCop" />
    <File Path="SolutionAssemblyInfo.cs" />
  </Folder>
  <Folder Name="/src/" />
  <Folder Name="/src/Core/">
    <Project Path="Orc.NuGetExplorer.Xaml/Orc.NuGetExplorer.Xaml.csproj">
      <BuildType Solution="Ad-Hoc|*" Project="Release" />
      <BuildType Solution="AppStore|*" Project="Release" />
    </Project>
    <Project Path="Orc.NuGetExplorer/Orc.NuGetExplorer.csproj">
      <BuildType Solution="Ad-Hoc|*" Project="Release" />
      <BuildType Solution="AppStore|*" Project="Release" />
    </Project>
  </Folder>
  <Folder Name="/src/Example/">
    <Project Path="Orc.NuGetExplorer.Example/Orc.NuGetExplorer.Example.csproj">
      <BuildType Solution="Ad-Hoc|*" Project="Debug" />
      <BuildType Solution="AppStore|*" Project="Debug" />
    </Project>
  </Folder>
  <Folder Name="/src/Tests/">
    <Project Path="Orc.NuGetExplorer.Tests/Orc.NuGetExplorer.Tests.csproj">
      <BuildType Solution="Ad-Hoc|*" Project="Release" />
      <BuildType Solution="AppStore|*" Project="Release" />
    </Project>
  </Folder>
</Solution>
