
Microsoft Visual Studio Solution File, Format Version 12.00
# Visual Studio 2013
VisualStudioVersion = 12.0.31101.0
MinimumVisualStudioVersion = 10.0.40219.1
Project("{FAE04EC0-301F-11D3-BF4B-00C04F79EFBC}") = "Orc.NuGetExplorer.NET40", "Orc.NuGetExplorer\Orc.NuGetExplorer.NET40\Orc.NuGetExplorer.NET40.csproj", "{7E8F0C02-141A-4824-9066-2A544601654C}"
EndProject
Project("{2150E333-8FDC-42A3-9474-1A3956D46DE8}") = "lib", "lib", "{BD04453D-295F-4526-8EF7-469DAF18EB04}"
	ProjectSection(SolutionItems) = preProject
		..\lib\repositories.config = ..\lib\repositories.config
	EndProjectSection
EndProject
Project("{2150E333-8FDC-42A3-9474-1A3956D46DE8}") = "src", "src", "{005F94F0-662A-4FE1-95AF-5D1C22DA8BF3}"
EndProject
Project("{FAE04EC0-301F-11D3-BF4B-00C04F79EFBC}") = "Orc.NuGetExplorer.Example", "Orc.NuGetExplorer.Example\Orc.NuGetExplorer.Example.csproj", "{2487CA27-DD19-4BEE-ABB3-A3E9BA7BEAC6}"
EndProject
Project("{FAE04EC0-301F-11D3-BF4B-00C04F79EFBC}") = "Orc.NuGetExplorer.Tests.NET40", "Orc.NuGetExplorer.Tests\Orc.NuGetExplorer.Tests.NET40\Orc.NuGetExplorer.Tests.NET40.csproj", "{9ED7F24B-4E0E-4737-AC26-8E33F7A49392}"
EndProject
Project("{2150E333-8FDC-42A3-9474-1A3956D46DE8}") = "misc", "misc", "{B179BD9A-424F-4254-802E-C2D45D7D83F2}"
	ProjectSection(SolutionItems) = preProject
		NuGet.config = NuGet.config
		Orc.NuGetExplorer.sln.DotSettings = Orc.NuGetExplorer.sln.DotSettings
		Settings.StyleCop = Settings.StyleCop
		SolutionAssemblyInfo.cs = SolutionAssemblyInfo.cs
	EndProjectSection
EndProject
Project("{FAE04EC0-301F-11D3-BF4B-00C04F79EFBC}") = "Orc.NuGetExplorer.Xaml.NET40", "Orc.NuGetExplorer.Xaml\Orc.NuGetExplorer.Xaml.NET40\Orc.NuGetExplorer.Xaml.NET40.csproj", "{914B0AE5-94A7-4575-B99C-3E718AA3B4A9}"
EndProject
Project("{2150E333-8FDC-42A3-9474-1A3956D46DE8}") = "Core", "Core", "{C51EE041-02FF-4906-985C-A9C22E1DAEB0}"
EndProject
Project("{2150E333-8FDC-42A3-9474-1A3956D46DE8}") = "Example", "Example", "{6064581D-9876-4BC1-85E2-D7AED593B292}"
EndProject
Project("{2150E333-8FDC-42A3-9474-1A3956D46DE8}") = "Tests", "Tests", "{2CE09909-7003-4E8C-9FAA-DBE7E478E5E8}"
EndProject
Project("{2150E333-8FDC-42A3-9474-1A3956D46DE8}") = "Core.Xaml", "Core.Xaml", "{4016D1B9-93E4-42A9-A987-74895E77E969}"
EndProject
Project("{D954291E-2A0B-460D-934E-DC6B0785DB48}") = "Orc.NuGetExplorer.Shared", "Orc.NuGetExplorer\Orc.NuGetExplorer.Shared\Orc.NuGetExplorer.Shared.shproj", "{8BB74962-3076-4665-A3A7-21A0E97E609B}"
EndProject
Project("{D954291E-2A0B-460D-934E-DC6B0785DB48}") = "Orc.NuGetExplorer.Xaml.Shared", "Orc.NuGetExplorer.Xaml\Orc.NuGetExplorer.Xaml.Shared\Orc.NuGetExplorer.Xaml.Shared.shproj", "{B2B53F58-61F7-4A2A-944A-9D18214F633D}"
EndProject
Project("{D954291E-2A0B-460D-934E-DC6B0785DB48}") = "Orc.NuGetExplorer.Tests.Shared", "Orc.NuGetExplorer.Tests\Orc.NuGetExplorer.Tests.Shared\Orc.NuGetExplorer.Tests.Shared.shproj", "{0586A579-D9E6-44F9-9536-8BEFEE8CE231}"
EndProject
Project("{FAE04EC0-301F-11D3-BF4B-00C04F79EFBC}") = "Orc.NuGetExplorer.NET45", "Orc.NuGetExplorer\Orc.NuGetExplorer.NET45\Orc.NuGetExplorer.NET45.csproj", "{F58E66B1-C005-429E-A51B-3BA3AD134B60}"
EndProject
Project("{FAE04EC0-301F-11D3-BF4B-00C04F79EFBC}") = "Orc.NuGetExplorer.Xaml.NET45", "Orc.NuGetExplorer.Xaml\Orc.NuGetExplorer.Xaml.NET45\Orc.NuGetExplorer.Xaml.NET45.csproj", "{C218A66D-A4DD-4BB0-A34E-B81B95111EDA}"
EndProject
Project("{FAE04EC0-301F-11D3-BF4B-00C04F79EFBC}") = "Orc.NuGetExplorer.Tests.NET45", "Orc.NuGetExplorer.Tests\Orc.NuGetExplorer.Tests.NET45\Orc.NuGetExplorer.Tests.NET45.csproj", "{56FB0DFA-6C04-4738-A13B-E6C2C6DC9F29}"
EndProject
Global
	GlobalSection(SharedMSBuildProjectFiles) = preSolution
		Orc.NuGetExplorer\Orc.NuGetExplorer.Shared\Orc.NuGetExplorer.Shared.projitems*{8bb74962-3076-4665-a3a7-21a0e97e609b}*SharedItemsImports = 13
		Orc.NuGetExplorer.Tests\Orc.NuGetExplorer.Tests.Shared\Orc.NuGetExplorer.Tests.Shared.projitems*{56fb0dfa-6c04-4738-a13b-e6c2c6dc9f29}*SharedItemsImports = 4
		Orc.NuGetExplorer.Xaml\Orc.NuGetExplorer.Xaml.Shared\Orc.NuGetExplorer.Xaml.Shared.projitems*{c218a66d-a4dd-4bb0-a34e-b81b95111eda}*SharedItemsImports = 4
		Orc.NuGetExplorer\Orc.NuGetExplorer.Shared\Orc.NuGetExplorer.Shared.projitems*{f58e66b1-c005-429e-a51b-3ba3ad134b60}*SharedItemsImports = 4
		Orc.NuGetExplorer.Xaml\Orc.NuGetExplorer.Xaml.Shared\Orc.NuGetExplorer.Xaml.Shared.projitems*{914b0ae5-94a7-4575-b99c-3e718aa3b4a9}*SharedItemsImports = 4
		Orc.NuGetExplorer\Orc.NuGetExplorer.Shared\Orc.NuGetExplorer.Shared.projitems*{7e8f0c02-141a-4824-9066-2a544601654c}*SharedItemsImports = 4
		Orc.NuGetExplorer.Xaml\Orc.NuGetExplorer.Xaml.Shared\Orc.NuGetExplorer.Xaml.Shared.projitems*{b2b53f58-61f7-4a2a-944a-9d18214f633d}*SharedItemsImports = 13
		Orc.NuGetExplorer.Tests\Orc.NuGetExplorer.Tests.Shared\Orc.NuGetExplorer.Tests.Shared.projitems*{0586a579-d9e6-44f9-9536-8befee8ce231}*SharedItemsImports = 13
		Orc.NuGetExplorer.Tests\Orc.NuGetExplorer.Tests.Shared\Orc.NuGetExplorer.Tests.Shared.projitems*{9ed7f24b-4e0e-4737-ac26-8e33f7a49392}*SharedItemsImports = 4
	EndGlobalSection
	GlobalSection(SolutionConfigurationPlatforms) = preSolution
		Ad-Hoc|Any CPU = Ad-Hoc|Any CPU
		Ad-Hoc|ARM = Ad-Hoc|ARM
		Ad-Hoc|iPhone = Ad-Hoc|iPhone
		Ad-Hoc|iPhoneSimulator = Ad-Hoc|iPhoneSimulator
		Ad-Hoc|Mixed Platforms = Ad-Hoc|Mixed Platforms
		Ad-Hoc|x86 = Ad-Hoc|x86
		AppStore|Any CPU = AppStore|Any CPU
		AppStore|ARM = AppStore|ARM
		AppStore|iPhone = AppStore|iPhone
		AppStore|iPhoneSimulator = AppStore|iPhoneSimulator
		AppStore|Mixed Platforms = AppStore|Mixed Platforms
		AppStore|x86 = AppStore|x86
		Debug|Any CPU = Debug|Any CPU
		Debug|ARM = Debug|ARM
		Debug|iPhone = Debug|iPhone
		Debug|iPhoneSimulator = Debug|iPhoneSimulator
		Debug|Mixed Platforms = Debug|Mixed Platforms
		Debug|x86 = Debug|x86
		Release|Any CPU = Release|Any CPU
		Release|ARM = Release|ARM
		Release|iPhone = Release|iPhone
		Release|iPhoneSimulator = Release|iPhoneSimulator
		Release|Mixed Platforms = Release|Mixed Platforms
		Release|x86 = Release|x86
	EndGlobalSection
	GlobalSection(ProjectConfigurationPlatforms) = postSolution
		{7E8F0C02-141A-4824-9066-2A544601654C}.Ad-Hoc|Any CPU.ActiveCfg = Release|Any CPU
		{7E8F0C02-141A-4824-9066-2A544601654C}.Ad-Hoc|Any CPU.Build.0 = Release|Any CPU
		{7E8F0C02-141A-4824-9066-2A544601654C}.Ad-Hoc|ARM.ActiveCfg = Release|Any CPU
		{7E8F0C02-141A-4824-9066-2A544601654C}.Ad-Hoc|iPhone.ActiveCfg = Release|Any CPU
		{7E8F0C02-141A-4824-9066-2A544601654C}.Ad-Hoc|iPhoneSimulator.ActiveCfg = Release|Any CPU
		{7E8F0C02-141A-4824-9066-2A544601654C}.Ad-Hoc|Mixed Platforms.ActiveCfg = Release|Any CPU
		{7E8F0C02-141A-4824-9066-2A544601654C}.Ad-Hoc|Mixed Platforms.Build.0 = Release|Any CPU
		{7E8F0C02-141A-4824-9066-2A544601654C}.Ad-Hoc|x86.ActiveCfg = Release|Any CPU
		{7E8F0C02-141A-4824-9066-2A544601654C}.AppStore|Any CPU.ActiveCfg = Release|Any CPU
		{7E8F0C02-141A-4824-9066-2A544601654C}.AppStore|Any CPU.Build.0 = Release|Any CPU
		{7E8F0C02-141A-4824-9066-2A544601654C}.AppStore|ARM.ActiveCfg = Release|Any CPU
		{7E8F0C02-141A-4824-9066-2A544601654C}.AppStore|iPhone.ActiveCfg = Release|Any CPU
		{7E8F0C02-141A-4824-9066-2A544601654C}.AppStore|iPhoneSimulator.ActiveCfg = Release|Any CPU
		{7E8F0C02-141A-4824-9066-2A544601654C}.AppStore|Mixed Platforms.ActiveCfg = Release|Any CPU
		{7E8F0C02-141A-4824-9066-2A544601654C}.AppStore|Mixed Platforms.Build.0 = Release|Any CPU
		{7E8F0C02-141A-4824-9066-2A544601654C}.AppStore|x86.ActiveCfg = Release|Any CPU
		{7E8F0C02-141A-4824-9066-2A544601654C}.Debug|Any CPU.ActiveCfg = Debug|Any CPU
		{7E8F0C02-141A-4824-9066-2A544601654C}.Debug|Any CPU.Build.0 = Debug|Any CPU
		{7E8F0C02-141A-4824-9066-2A544601654C}.Debug|ARM.ActiveCfg = Debug|Any CPU
		{7E8F0C02-141A-4824-9066-2A544601654C}.Debug|iPhone.ActiveCfg = Debug|Any CPU
		{7E8F0C02-141A-4824-9066-2A544601654C}.Debug|iPhoneSimulator.ActiveCfg = Debug|Any CPU
		{7E8F0C02-141A-4824-9066-2A544601654C}.Debug|Mixed Platforms.ActiveCfg = Debug|Any CPU
		{7E8F0C02-141A-4824-9066-2A544601654C}.Debug|Mixed Platforms.Build.0 = Debug|Any CPU
		{7E8F0C02-141A-4824-9066-2A544601654C}.Debug|x86.ActiveCfg = Debug|Any CPU
		{7E8F0C02-141A-4824-9066-2A544601654C}.Release|Any CPU.ActiveCfg = Release|Any CPU
		{7E8F0C02-141A-4824-9066-2A544601654C}.Release|Any CPU.Build.0 = Release|Any CPU
		{7E8F0C02-141A-4824-9066-2A544601654C}.Release|ARM.ActiveCfg = Release|Any CPU
		{7E8F0C02-141A-4824-9066-2A544601654C}.Release|iPhone.ActiveCfg = Release|Any CPU
		{7E8F0C02-141A-4824-9066-2A544601654C}.Release|iPhoneSimulator.ActiveCfg = Release|Any CPU
		{7E8F0C02-141A-4824-9066-2A544601654C}.Release|Mixed Platforms.ActiveCfg = Release|Any CPU
		{7E8F0C02-141A-4824-9066-2A544601654C}.Release|Mixed Platforms.Build.0 = Release|Any CPU
		{7E8F0C02-141A-4824-9066-2A544601654C}.Release|x86.ActiveCfg = Release|Any CPU
		{2487CA27-DD19-4BEE-ABB3-A3E9BA7BEAC6}.Ad-Hoc|Any CPU.ActiveCfg = Release|Any CPU
		{2487CA27-DD19-4BEE-ABB3-A3E9BA7BEAC6}.Ad-Hoc|Any CPU.Build.0 = Release|Any CPU
		{2487CA27-DD19-4BEE-ABB3-A3E9BA7BEAC6}.Ad-Hoc|ARM.ActiveCfg = Release|Any CPU
		{2487CA27-DD19-4BEE-ABB3-A3E9BA7BEAC6}.Ad-Hoc|iPhone.ActiveCfg = Release|Any CPU
		{2487CA27-DD19-4BEE-ABB3-A3E9BA7BEAC6}.Ad-Hoc|iPhoneSimulator.ActiveCfg = Release|Any CPU
		{2487CA27-DD19-4BEE-ABB3-A3E9BA7BEAC6}.Ad-Hoc|Mixed Platforms.ActiveCfg = Release|Any CPU
		{2487CA27-DD19-4BEE-ABB3-A3E9BA7BEAC6}.Ad-Hoc|Mixed Platforms.Build.0 = Release|Any CPU
		{2487CA27-DD19-4BEE-ABB3-A3E9BA7BEAC6}.Ad-Hoc|x86.ActiveCfg = Release|Any CPU
		{2487CA27-DD19-4BEE-ABB3-A3E9BA7BEAC6}.AppStore|Any CPU.ActiveCfg = Release|Any CPU
		{2487CA27-DD19-4BEE-ABB3-A3E9BA7BEAC6}.AppStore|Any CPU.Build.0 = Release|Any CPU
		{2487CA27-DD19-4BEE-ABB3-A3E9BA7BEAC6}.AppStore|ARM.ActiveCfg = Release|Any CPU
		{2487CA27-DD19-4BEE-ABB3-A3E9BA7BEAC6}.AppStore|iPhone.ActiveCfg = Release|Any CPU
		{2487CA27-DD19-4BEE-ABB3-A3E9BA7BEAC6}.AppStore|iPhoneSimulator.ActiveCfg = Release|Any CPU
		{2487CA27-DD19-4BEE-ABB3-A3E9BA7BEAC6}.AppStore|Mixed Platforms.ActiveCfg = Release|Any CPU
		{2487CA27-DD19-4BEE-ABB3-A3E9BA7BEAC6}.AppStore|Mixed Platforms.Build.0 = Release|Any CPU
		{2487CA27-DD19-4BEE-ABB3-A3E9BA7BEAC6}.AppStore|x86.ActiveCfg = Release|Any CPU
		{2487CA27-DD19-4BEE-ABB3-A3E9BA7BEAC6}.Debug|Any CPU.ActiveCfg = Debug|Any CPU
		{2487CA27-DD19-4BEE-ABB3-A3E9BA7BEAC6}.Debug|Any CPU.Build.0 = Debug|Any CPU
		{2487CA27-DD19-4BEE-ABB3-A3E9BA7BEAC6}.Debug|ARM.ActiveCfg = Debug|Any CPU
		{2487CA27-DD19-4BEE-ABB3-A3E9BA7BEAC6}.Debug|iPhone.ActiveCfg = Debug|Any CPU
		{2487CA27-DD19-4BEE-ABB3-A3E9BA7BEAC6}.Debug|iPhoneSimulator.ActiveCfg = Debug|Any CPU
		{2487CA27-DD19-4BEE-ABB3-A3E9BA7BEAC6}.Debug|Mixed Platforms.ActiveCfg = Debug|Any CPU
		{2487CA27-DD19-4BEE-ABB3-A3E9BA7BEAC6}.Debug|Mixed Platforms.Build.0 = Debug|Any CPU
		{2487CA27-DD19-4BEE-ABB3-A3E9BA7BEAC6}.Debug|x86.ActiveCfg = Debug|Any CPU
		{2487CA27-DD19-4BEE-ABB3-A3E9BA7BEAC6}.Release|Any CPU.ActiveCfg = Release|Any CPU
		{2487CA27-DD19-4BEE-ABB3-A3E9BA7BEAC6}.Release|Any CPU.Build.0 = Release|Any CPU
		{2487CA27-DD19-4BEE-ABB3-A3E9BA7BEAC6}.Release|ARM.ActiveCfg = Release|Any CPU
		{2487CA27-DD19-4BEE-ABB3-A3E9BA7BEAC6}.Release|iPhone.ActiveCfg = Release|Any CPU
		{2487CA27-DD19-4BEE-ABB3-A3E9BA7BEAC6}.Release|iPhoneSimulator.ActiveCfg = Release|Any CPU
		{2487CA27-DD19-4BEE-ABB3-A3E9BA7BEAC6}.Release|Mixed Platforms.ActiveCfg = Release|Any CPU
		{2487CA27-DD19-4BEE-ABB3-A3E9BA7BEAC6}.Release|Mixed Platforms.Build.0 = Release|Any CPU
		{2487CA27-DD19-4BEE-ABB3-A3E9BA7BEAC6}.Release|x86.ActiveCfg = Release|Any CPU
		{9ED7F24B-4E0E-4737-AC26-8E33F7A49392}.Ad-Hoc|Any CPU.ActiveCfg = Release|Any CPU
		{9ED7F24B-4E0E-4737-AC26-8E33F7A49392}.Ad-Hoc|Any CPU.Build.0 = Release|Any CPU
		{9ED7F24B-4E0E-4737-AC26-8E33F7A49392}.Ad-Hoc|ARM.ActiveCfg = Release|Any CPU
		{9ED7F24B-4E0E-4737-AC26-8E33F7A49392}.Ad-Hoc|iPhone.ActiveCfg = Release|Any CPU
		{9ED7F24B-4E0E-4737-AC26-8E33F7A49392}.Ad-Hoc|iPhoneSimulator.ActiveCfg = Release|Any CPU
		{9ED7F24B-4E0E-4737-AC26-8E33F7A49392}.Ad-Hoc|Mixed Platforms.ActiveCfg = Release|Any CPU
		{9ED7F24B-4E0E-4737-AC26-8E33F7A49392}.Ad-Hoc|Mixed Platforms.Build.0 = Release|Any CPU
		{9ED7F24B-4E0E-4737-AC26-8E33F7A49392}.Ad-Hoc|x86.ActiveCfg = Release|Any CPU
		{9ED7F24B-4E0E-4737-AC26-8E33F7A49392}.AppStore|Any CPU.ActiveCfg = Release|Any CPU
		{9ED7F24B-4E0E-4737-AC26-8E33F7A49392}.AppStore|Any CPU.Build.0 = Release|Any CPU
		{9ED7F24B-4E0E-4737-AC26-8E33F7A49392}.AppStore|ARM.ActiveCfg = Release|Any CPU
		{9ED7F24B-4E0E-4737-AC26-8E33F7A49392}.AppStore|iPhone.ActiveCfg = Release|Any CPU
		{9ED7F24B-4E0E-4737-AC26-8E33F7A49392}.AppStore|iPhoneSimulator.ActiveCfg = Release|Any CPU
		{9ED7F24B-4E0E-4737-AC26-8E33F7A49392}.AppStore|Mixed Platforms.ActiveCfg = Release|Any CPU
		{9ED7F24B-4E0E-4737-AC26-8E33F7A49392}.AppStore|Mixed Platforms.Build.0 = Release|Any CPU
		{9ED7F24B-4E0E-4737-AC26-8E33F7A49392}.AppStore|x86.ActiveCfg = Release|Any CPU
		{9ED7F24B-4E0E-4737-AC26-8E33F7A49392}.Debug|Any CPU.ActiveCfg = Debug|Any CPU
		{9ED7F24B-4E0E-4737-AC26-8E33F7A49392}.Debug|Any CPU.Build.0 = Debug|Any CPU
		{9ED7F24B-4E0E-4737-AC26-8E33F7A49392}.Debug|ARM.ActiveCfg = Debug|Any CPU
		{9ED7F24B-4E0E-4737-AC26-8E33F7A49392}.Debug|iPhone.ActiveCfg = Debug|Any CPU
		{9ED7F24B-4E0E-4737-AC26-8E33F7A49392}.Debug|iPhoneSimulator.ActiveCfg = Debug|Any CPU
		{9ED7F24B-4E0E-4737-AC26-8E33F7A49392}.Debug|Mixed Platforms.ActiveCfg = Debug|Any CPU
		{9ED7F24B-4E0E-4737-AC26-8E33F7A49392}.Debug|Mixed Platforms.Build.0 = Debug|Any CPU
		{9ED7F24B-4E0E-4737-AC26-8E33F7A49392}.Debug|x86.ActiveCfg = Debug|Any CPU
		{9ED7F24B-4E0E-4737-AC26-8E33F7A49392}.Release|Any CPU.ActiveCfg = Release|Any CPU
		{9ED7F24B-4E0E-4737-AC26-8E33F7A49392}.Release|Any CPU.Build.0 = Release|Any CPU
		{9ED7F24B-4E0E-4737-AC26-8E33F7A49392}.Release|ARM.ActiveCfg = Release|Any CPU
		{9ED7F24B-4E0E-4737-AC26-8E33F7A49392}.Release|iPhone.ActiveCfg = Release|Any CPU
		{9ED7F24B-4E0E-4737-AC26-8E33F7A49392}.Release|iPhoneSimulator.ActiveCfg = Release|Any CPU
		{9ED7F24B-4E0E-4737-AC26-8E33F7A49392}.Release|Mixed Platforms.ActiveCfg = Release|Any CPU
		{9ED7F24B-4E0E-4737-AC26-8E33F7A49392}.Release|Mixed Platforms.Build.0 = Release|Any CPU
		{9ED7F24B-4E0E-4737-AC26-8E33F7A49392}.Release|x86.ActiveCfg = Release|Any CPU
		{914B0AE5-94A7-4575-B99C-3E718AA3B4A9}.Ad-Hoc|Any CPU.ActiveCfg = Release|Any CPU
		{914B0AE5-94A7-4575-B99C-3E718AA3B4A9}.Ad-Hoc|Any CPU.Build.0 = Release|Any CPU
		{914B0AE5-94A7-4575-B99C-3E718AA3B4A9}.Ad-Hoc|ARM.ActiveCfg = Release|Any CPU
		{914B0AE5-94A7-4575-B99C-3E718AA3B4A9}.Ad-Hoc|iPhone.ActiveCfg = Release|Any CPU
		{914B0AE5-94A7-4575-B99C-3E718AA3B4A9}.Ad-Hoc|iPhoneSimulator.ActiveCfg = Release|Any CPU
		{914B0AE5-94A7-4575-B99C-3E718AA3B4A9}.Ad-Hoc|Mixed Platforms.ActiveCfg = Release|Any CPU
		{914B0AE5-94A7-4575-B99C-3E718AA3B4A9}.Ad-Hoc|Mixed Platforms.Build.0 = Release|Any CPU
		{914B0AE5-94A7-4575-B99C-3E718AA3B4A9}.Ad-Hoc|x86.ActiveCfg = Release|Any CPU
		{914B0AE5-94A7-4575-B99C-3E718AA3B4A9}.AppStore|Any CPU.ActiveCfg = Release|Any CPU
		{914B0AE5-94A7-4575-B99C-3E718AA3B4A9}.AppStore|Any CPU.Build.0 = Release|Any CPU
		{914B0AE5-94A7-4575-B99C-3E718AA3B4A9}.AppStore|ARM.ActiveCfg = Release|Any CPU
		{914B0AE5-94A7-4575-B99C-3E718AA3B4A9}.AppStore|iPhone.ActiveCfg = Release|Any CPU
		{914B0AE5-94A7-4575-B99C-3E718AA3B4A9}.AppStore|iPhoneSimulator.ActiveCfg = Release|Any CPU
		{914B0AE5-94A7-4575-B99C-3E718AA3B4A9}.AppStore|Mixed Platforms.ActiveCfg = Release|Any CPU
		{914B0AE5-94A7-4575-B99C-3E718AA3B4A9}.AppStore|Mixed Platforms.Build.0 = Release|Any CPU
		{914B0AE5-94A7-4575-B99C-3E718AA3B4A9}.AppStore|x86.ActiveCfg = Release|Any CPU
		{914B0AE5-94A7-4575-B99C-3E718AA3B4A9}.Debug|Any CPU.ActiveCfg = Debug|Any CPU
		{914B0AE5-94A7-4575-B99C-3E718AA3B4A9}.Debug|Any CPU.Build.0 = Debug|Any CPU
		{914B0AE5-94A7-4575-B99C-3E718AA3B4A9}.Debug|ARM.ActiveCfg = Debug|Any CPU
		{914B0AE5-94A7-4575-B99C-3E718AA3B4A9}.Debug|iPhone.ActiveCfg = Debug|Any CPU
		{914B0AE5-94A7-4575-B99C-3E718AA3B4A9}.Debug|iPhoneSimulator.ActiveCfg = Debug|Any CPU
		{914B0AE5-94A7-4575-B99C-3E718AA3B4A9}.Debug|Mixed Platforms.ActiveCfg = Debug|Any CPU
		{914B0AE5-94A7-4575-B99C-3E718AA3B4A9}.Debug|Mixed Platforms.Build.0 = Debug|Any CPU
		{914B0AE5-94A7-4575-B99C-3E718AA3B4A9}.Debug|x86.ActiveCfg = Debug|Any CPU
		{914B0AE5-94A7-4575-B99C-3E718AA3B4A9}.Release|Any CPU.ActiveCfg = Release|Any CPU
		{914B0AE5-94A7-4575-B99C-3E718AA3B4A9}.Release|Any CPU.Build.0 = Release|Any CPU
		{914B0AE5-94A7-4575-B99C-3E718AA3B4A9}.Release|ARM.ActiveCfg = Release|Any CPU
		{914B0AE5-94A7-4575-B99C-3E718AA3B4A9}.Release|iPhone.ActiveCfg = Release|Any CPU
		{914B0AE5-94A7-4575-B99C-3E718AA3B4A9}.Release|iPhoneSimulator.ActiveCfg = Release|Any CPU
		{914B0AE5-94A7-4575-B99C-3E718AA3B4A9}.Release|Mixed Platforms.ActiveCfg = Release|Any CPU
		{914B0AE5-94A7-4575-B99C-3E718AA3B4A9}.Release|Mixed Platforms.Build.0 = Release|Any CPU
		{914B0AE5-94A7-4575-B99C-3E718AA3B4A9}.Release|x86.ActiveCfg = Release|Any CPU
		{F58E66B1-C005-429E-A51B-3BA3AD134B60}.Ad-Hoc|Any CPU.ActiveCfg = Release|Any CPU
		{F58E66B1-C005-429E-A51B-3BA3AD134B60}.Ad-Hoc|Any CPU.Build.0 = Release|Any CPU
		{F58E66B1-C005-429E-A51B-3BA3AD134B60}.Ad-Hoc|ARM.ActiveCfg = Release|Any CPU
		{F58E66B1-C005-429E-A51B-3BA3AD134B60}.Ad-Hoc|iPhone.ActiveCfg = Release|Any CPU
		{F58E66B1-C005-429E-A51B-3BA3AD134B60}.Ad-Hoc|iPhoneSimulator.ActiveCfg = Release|Any CPU
		{F58E66B1-C005-429E-A51B-3BA3AD134B60}.Ad-Hoc|Mixed Platforms.ActiveCfg = Release|Any CPU
		{F58E66B1-C005-429E-A51B-3BA3AD134B60}.Ad-Hoc|Mixed Platforms.Build.0 = Release|Any CPU
		{F58E66B1-C005-429E-A51B-3BA3AD134B60}.Ad-Hoc|x86.ActiveCfg = Release|Any CPU
		{F58E66B1-C005-429E-A51B-3BA3AD134B60}.AppStore|Any CPU.ActiveCfg = Release|Any CPU
		{F58E66B1-C005-429E-A51B-3BA3AD134B60}.AppStore|Any CPU.Build.0 = Release|Any CPU
		{F58E66B1-C005-429E-A51B-3BA3AD134B60}.AppStore|ARM.ActiveCfg = Release|Any CPU
		{F58E66B1-C005-429E-A51B-3BA3AD134B60}.AppStore|iPhone.ActiveCfg = Release|Any CPU
		{F58E66B1-C005-429E-A51B-3BA3AD134B60}.AppStore|iPhoneSimulator.ActiveCfg = Release|Any CPU
		{F58E66B1-C005-429E-A51B-3BA3AD134B60}.AppStore|Mixed Platforms.ActiveCfg = Release|Any CPU
		{F58E66B1-C005-429E-A51B-3BA3AD134B60}.AppStore|Mixed Platforms.Build.0 = Release|Any CPU
		{F58E66B1-C005-429E-A51B-3BA3AD134B60}.AppStore|x86.ActiveCfg = Release|Any CPU
		{F58E66B1-C005-429E-A51B-3BA3AD134B60}.Debug|Any CPU.ActiveCfg = Debug|Any CPU
		{F58E66B1-C005-429E-A51B-3BA3AD134B60}.Debug|Any CPU.Build.0 = Debug|Any CPU
		{F58E66B1-C005-429E-A51B-3BA3AD134B60}.Debug|ARM.ActiveCfg = Debug|Any CPU
		{F58E66B1-C005-429E-A51B-3BA3AD134B60}.Debug|iPhone.ActiveCfg = Debug|Any CPU
		{F58E66B1-C005-429E-A51B-3BA3AD134B60}.Debug|iPhoneSimulator.ActiveCfg = Debug|Any CPU
		{F58E66B1-C005-429E-A51B-3BA3AD134B60}.Debug|Mixed Platforms.ActiveCfg = Debug|Any CPU
		{F58E66B1-C005-429E-A51B-3BA3AD134B60}.Debug|Mixed Platforms.Build.0 = Debug|Any CPU
		{F58E66B1-C005-429E-A51B-3BA3AD134B60}.Debug|x86.ActiveCfg = Debug|Any CPU
		{F58E66B1-C005-429E-A51B-3BA3AD134B60}.Release|Any CPU.ActiveCfg = Release|Any CPU
		{F58E66B1-C005-429E-A51B-3BA3AD134B60}.Release|Any CPU.Build.0 = Release|Any CPU
		{F58E66B1-C005-429E-A51B-3BA3AD134B60}.Release|ARM.ActiveCfg = Release|Any CPU
		{F58E66B1-C005-429E-A51B-3BA3AD134B60}.Release|iPhone.ActiveCfg = Release|Any CPU
		{F58E66B1-C005-429E-A51B-3BA3AD134B60}.Release|iPhoneSimulator.ActiveCfg = Release|Any CPU
		{F58E66B1-C005-429E-A51B-3BA3AD134B60}.Release|Mixed Platforms.ActiveCfg = Release|Any CPU
		{F58E66B1-C005-429E-A51B-3BA3AD134B60}.Release|Mixed Platforms.Build.0 = Release|Any CPU
		{F58E66B1-C005-429E-A51B-3BA3AD134B60}.Release|x86.ActiveCfg = Release|Any CPU
		{C218A66D-A4DD-4BB0-A34E-B81B95111EDA}.Ad-Hoc|Any CPU.ActiveCfg = Release|Any CPU
		{C218A66D-A4DD-4BB0-A34E-B81B95111EDA}.Ad-Hoc|Any CPU.Build.0 = Release|Any CPU
		{C218A66D-A4DD-4BB0-A34E-B81B95111EDA}.Ad-Hoc|ARM.ActiveCfg = Release|Any CPU
		{C218A66D-A4DD-4BB0-A34E-B81B95111EDA}.Ad-Hoc|iPhone.ActiveCfg = Release|Any CPU
		{C218A66D-A4DD-4BB0-A34E-B81B95111EDA}.Ad-Hoc|iPhoneSimulator.ActiveCfg = Release|Any CPU
		{C218A66D-A4DD-4BB0-A34E-B81B95111EDA}.Ad-Hoc|Mixed Platforms.ActiveCfg = Release|Any CPU
		{C218A66D-A4DD-4BB0-A34E-B81B95111EDA}.Ad-Hoc|Mixed Platforms.Build.0 = Release|Any CPU
		{C218A66D-A4DD-4BB0-A34E-B81B95111EDA}.Ad-Hoc|x86.ActiveCfg = Release|Any CPU
		{C218A66D-A4DD-4BB0-A34E-B81B95111EDA}.AppStore|Any CPU.ActiveCfg = Release|Any CPU
		{C218A66D-A4DD-4BB0-A34E-B81B95111EDA}.AppStore|Any CPU.Build.0 = Release|Any CPU
		{C218A66D-A4DD-4BB0-A34E-B81B95111EDA}.AppStore|ARM.ActiveCfg = Release|Any CPU
		{C218A66D-A4DD-4BB0-A34E-B81B95111EDA}.AppStore|iPhone.ActiveCfg = Release|Any CPU
		{C218A66D-A4DD-4BB0-A34E-B81B95111EDA}.AppStore|iPhoneSimulator.ActiveCfg = Release|Any CPU
		{C218A66D-A4DD-4BB0-A34E-B81B95111EDA}.AppStore|Mixed Platforms.ActiveCfg = Release|Any CPU
		{C218A66D-A4DD-4BB0-A34E-B81B95111EDA}.AppStore|Mixed Platforms.Build.0 = Release|Any CPU
		{C218A66D-A4DD-4BB0-A34E-B81B95111EDA}.AppStore|x86.ActiveCfg = Release|Any CPU
		{C218A66D-A4DD-4BB0-A34E-B81B95111EDA}.Debug|Any CPU.ActiveCfg = Debug|Any CPU
		{C218A66D-A4DD-4BB0-A34E-B81B95111EDA}.Debug|Any CPU.Build.0 = Debug|Any CPU
		{C218A66D-A4DD-4BB0-A34E-B81B95111EDA}.Debug|ARM.ActiveCfg = Debug|Any CPU
		{C218A66D-A4DD-4BB0-A34E-B81B95111EDA}.Debug|iPhone.ActiveCfg = Debug|Any CPU
		{C218A66D-A4DD-4BB0-A34E-B81B95111EDA}.Debug|iPhoneSimulator.ActiveCfg = Debug|Any CPU
		{C218A66D-A4DD-4BB0-A34E-B81B95111EDA}.Debug|Mixed Platforms.ActiveCfg = Debug|Any CPU
		{C218A66D-A4DD-4BB0-A34E-B81B95111EDA}.Debug|Mixed Platforms.Build.0 = Debug|Any CPU
		{C218A66D-A4DD-4BB0-A34E-B81B95111EDA}.Debug|x86.ActiveCfg = Debug|Any CPU
		{C218A66D-A4DD-4BB0-A34E-B81B95111EDA}.Release|Any CPU.ActiveCfg = Release|Any CPU
		{C218A66D-A4DD-4BB0-A34E-B81B95111EDA}.Release|Any CPU.Build.0 = Release|Any CPU
		{C218A66D-A4DD-4BB0-A34E-B81B95111EDA}.Release|ARM.ActiveCfg = Release|Any CPU
		{C218A66D-A4DD-4BB0-A34E-B81B95111EDA}.Release|iPhone.ActiveCfg = Release|Any CPU
		{C218A66D-A4DD-4BB0-A34E-B81B95111EDA}.Release|iPhoneSimulator.ActiveCfg = Release|Any CPU
		{C218A66D-A4DD-4BB0-A34E-B81B95111EDA}.Release|Mixed Platforms.ActiveCfg = Release|Any CPU
		{C218A66D-A4DD-4BB0-A34E-B81B95111EDA}.Release|Mixed Platforms.Build.0 = Release|Any CPU
		{C218A66D-A4DD-4BB0-A34E-B81B95111EDA}.Release|x86.ActiveCfg = Release|Any CPU
		{56FB0DFA-6C04-4738-A13B-E6C2C6DC9F29}.Ad-Hoc|Any CPU.ActiveCfg = Release|Any CPU
		{56FB0DFA-6C04-4738-A13B-E6C2C6DC9F29}.Ad-Hoc|Any CPU.Build.0 = Release|Any CPU
		{56FB0DFA-6C04-4738-A13B-E6C2C6DC9F29}.Ad-Hoc|ARM.ActiveCfg = Release|Any CPU
		{56FB0DFA-6C04-4738-A13B-E6C2C6DC9F29}.Ad-Hoc|iPhone.ActiveCfg = Release|Any CPU
		{56FB0DFA-6C04-4738-A13B-E6C2C6DC9F29}.Ad-Hoc|iPhoneSimulator.ActiveCfg = Release|Any CPU
		{56FB0DFA-6C04-4738-A13B-E6C2C6DC9F29}.Ad-Hoc|Mixed Platforms.ActiveCfg = Release|Any CPU
		{56FB0DFA-6C04-4738-A13B-E6C2C6DC9F29}.Ad-Hoc|Mixed Platforms.Build.0 = Release|Any CPU
		{56FB0DFA-6C04-4738-A13B-E6C2C6DC9F29}.Ad-Hoc|x86.ActiveCfg = Release|Any CPU
		{56FB0DFA-6C04-4738-A13B-E6C2C6DC9F29}.AppStore|Any CPU.ActiveCfg = Release|Any CPU
		{56FB0DFA-6C04-4738-A13B-E6C2C6DC9F29}.AppStore|Any CPU.Build.0 = Release|Any CPU
		{56FB0DFA-6C04-4738-A13B-E6C2C6DC9F29}.AppStore|ARM.ActiveCfg = Release|Any CPU
		{56FB0DFA-6C04-4738-A13B-E6C2C6DC9F29}.AppStore|iPhone.ActiveCfg = Release|Any CPU
		{56FB0DFA-6C04-4738-A13B-E6C2C6DC9F29}.AppStore|iPhoneSimulator.ActiveCfg = Release|Any CPU
		{56FB0DFA-6C04-4738-A13B-E6C2C6DC9F29}.AppStore|Mixed Platforms.ActiveCfg = Release|Any CPU
		{56FB0DFA-6C04-4738-A13B-E6C2C6DC9F29}.AppStore|Mixed Platforms.Build.0 = Release|Any CPU
		{56FB0DFA-6C04-4738-A13B-E6C2C6DC9F29}.AppStore|x86.ActiveCfg = Release|Any CPU
		{56FB0DFA-6C04-4738-A13B-E6C2C6DC9F29}.Debug|Any CPU.ActiveCfg = Debug|Any CPU
		{56FB0DFA-6C04-4738-A13B-E6C2C6DC9F29}.Debug|Any CPU.Build.0 = Debug|Any CPU
		{56FB0DFA-6C04-4738-A13B-E6C2C6DC9F29}.Debug|ARM.ActiveCfg = Debug|Any CPU
		{56FB0DFA-6C04-4738-A13B-E6C2C6DC9F29}.Debug|iPhone.ActiveCfg = Debug|Any CPU
		{56FB0DFA-6C04-4738-A13B-E6C2C6DC9F29}.Debug|iPhoneSimulator.ActiveCfg = Debug|Any CPU
		{56FB0DFA-6C04-4738-A13B-E6C2C6DC9F29}.Debug|Mixed Platforms.ActiveCfg = Debug|Any CPU
		{56FB0DFA-6C04-4738-A13B-E6C2C6DC9F29}.Debug|Mixed Platforms.Build.0 = Debug|Any CPU
		{56FB0DFA-6C04-4738-A13B-E6C2C6DC9F29}.Debug|x86.ActiveCfg = Debug|Any CPU
		{56FB0DFA-6C04-4738-A13B-E6C2C6DC9F29}.Release|Any CPU.ActiveCfg = Release|Any CPU
		{56FB0DFA-6C04-4738-A13B-E6C2C6DC9F29}.Release|Any CPU.Build.0 = Release|Any CPU
		{56FB0DFA-6C04-4738-A13B-E6C2C6DC9F29}.Release|ARM.ActiveCfg = Release|Any CPU
		{56FB0DFA-6C04-4738-A13B-E6C2C6DC9F29}.Release|iPhone.ActiveCfg = Release|Any CPU
		{56FB0DFA-6C04-4738-A13B-E6C2C6DC9F29}.Release|iPhoneSimulator.ActiveCfg = Release|Any CPU
		{56FB0DFA-6C04-4738-A13B-E6C2C6DC9F29}.Release|Mixed Platforms.ActiveCfg = Release|Any CPU
		{56FB0DFA-6C04-4738-A13B-E6C2C6DC9F29}.Release|Mixed Platforms.Build.0 = Release|Any CPU
		{56FB0DFA-6C04-4738-A13B-E6C2C6DC9F29}.Release|x86.ActiveCfg = Release|Any CPU
	EndGlobalSection
	GlobalSection(SolutionProperties) = preSolution
		HideSolutionNode = FALSE
	EndGlobalSection
	GlobalSection(NestedProjects) = preSolution
		{7E8F0C02-141A-4824-9066-2A544601654C} = {C51EE041-02FF-4906-985C-A9C22E1DAEB0}
		{2487CA27-DD19-4BEE-ABB3-A3E9BA7BEAC6} = {6064581D-9876-4BC1-85E2-D7AED593B292}
		{9ED7F24B-4E0E-4737-AC26-8E33F7A49392} = {2CE09909-7003-4E8C-9FAA-DBE7E478E5E8}
		{914B0AE5-94A7-4575-B99C-3E718AA3B4A9} = {4016D1B9-93E4-42A9-A987-74895E77E969}
		{C51EE041-02FF-4906-985C-A9C22E1DAEB0} = {005F94F0-662A-4FE1-95AF-5D1C22DA8BF3}
		{6064581D-9876-4BC1-85E2-D7AED593B292} = {005F94F0-662A-4FE1-95AF-5D1C22DA8BF3}
		{2CE09909-7003-4E8C-9FAA-DBE7E478E5E8} = {005F94F0-662A-4FE1-95AF-5D1C22DA8BF3}
		{4016D1B9-93E4-42A9-A987-74895E77E969} = {005F94F0-662A-4FE1-95AF-5D1C22DA8BF3}
		{8BB74962-3076-4665-A3A7-21A0E97E609B} = {C51EE041-02FF-4906-985C-A9C22E1DAEB0}
		{B2B53F58-61F7-4A2A-944A-9D18214F633D} = {4016D1B9-93E4-42A9-A987-74895E77E969}
		{0586A579-D9E6-44F9-9536-8BEFEE8CE231} = {2CE09909-7003-4E8C-9FAA-DBE7E478E5E8}
		{F58E66B1-C005-429E-A51B-3BA3AD134B60} = {C51EE041-02FF-4906-985C-A9C22E1DAEB0}
		{C218A66D-A4DD-4BB0-A34E-B81B95111EDA} = {4016D1B9-93E4-42A9-A987-74895E77E969}
		{56FB0DFA-6C04-4738-A13B-E6C2C6DC9F29} = {2CE09909-7003-4E8C-9FAA-DBE7E478E5E8}
	EndGlobalSection
EndGlobal
